// !$*UTF8*$!
{
	archiveVersion = 1;
	classes = {
	};
	objectVersion = 50;
	objects = {

/* Begin PBXBuildFile section */
		9239D374248CAA7E00FCB644 /* AppDelegate.m in Sources */ = {isa = PBXBuildFile; fileRef = 9239D373248CAA7E00FCB644 /* AppDelegate.m */; };
		9239D377248CAA7E00FCB644 /* SceneDelegate.m in Sources */ = {isa = PBXBuildFile; fileRef = 9239D376248CAA7E00FCB644 /* SceneDelegate.m */; };
		9239D37A248CAA7E00FCB644 /* ViewController.m in Sources */ = {isa = PBXBuildFile; fileRef = 9239D379248CAA7E00FCB644 /* ViewController.m */; };
		9239D37F248CAA8600FCB644 /* Assets.xcassets in Resources */ = {isa = PBXBuildFile; fileRef = 9239D37E248CAA8600FCB644 /* Assets.xcassets */; };
		9239D382248CAA8600FCB644 /* LaunchScreen.storyboard in Resources */ = {isa = PBXBuildFile; fileRef = 9239D380248CAA8600FCB644 /* LaunchScreen.storyboard */; };
		9239D385248CAA8600FCB644 /* main.m in Sources */ = {isa = PBXBuildFile; fileRef = 9239D384248CAA8600FCB644 /* main.m */; };
/* End PBXBuildFile section */

/* Begin PBXFileReference section */
		9239D36F248CAA7E00FCB644 /* archorPoint.app */ = {isa = PBXFileReference; explicitFileType = wrapper.application; includeInIndex = 0; path = archorPoint.app; sourceTree = BUILT_PRODUCTS_DIR; };
		9239D372248CAA7E00FCB644 /* AppDelegate.h */ = {isa = PBXFileReference; lastKnownFileType = sourcecode.c.h; path = AppDelegate.h; sourceTree = "<group>"; };
		9239D373248CAA7E00FCB644 /* AppDelegate.m */ = {isa = PBXFileReference; lastKnownFileType = sourcecode.c.objc; path = AppDelegate.m; sourceTree = "<group>"; };
		9239D375248CAA7E00FCB644 /* SceneDelegate.h */ = {isa = PBXFileReference; lastKnownFileType = sourcecode.c.h; path = SceneDelegate.h; sourceTree = "<group>"; };
		9239D376248CAA7E00FCB644 /* SceneDelegate.m */ = {isa = PBXFileReference; lastKnownFileType = sourcecode.c.objc; path = SceneDelegate.m; sourceTree = "<group>"; };
		9239D378248CAA7E00FCB644 /* ViewController.h */ = {isa = PBXFileReference; lastKnownFileType = sourcecode.c.h; path = ViewController.h; sourceTree = "<group>"; };
		9239D379248CAA7E00FCB644 /* ViewController.m */ = {isa = PBXFileReference; lastKnownFileType = sourcecode.c.objc; path = ViewController.m; sourceTree = "<group>"; };
		9239D37E248CAA8600FCB644 /* Assets.xcassets */ = {isa = PBXFileReference; lastKnownFileType = folder.assetcatalog; path = Assets.xcassets; sourceTree = "<group>"; };
		9239D381248CAA8600FCB644 /* Base */ = {isa = PBXFileReference; lastKnownFileType = file.storyboard; name = Base; path = Base.lproj/LaunchScreen.storyboard; sourceTree = "<group>"; };
		9239D383248CAA8600FCB644 /* Info.plist */ = {isa = PBXFileReference; lastKnownFileType = text.plist.xml; path = Info.plist; sourceTree = "<group>"; };
		9239D384248CAA8600FCB644 /* main.m */ = {isa = PBXFileReference; lastKnownFileType = sourcecode.c.objc; path = main.m; sourceTree = "<group>"; };
/* End PBXFileReference section */

/* Begin PBXFrameworksBuildPhase section */
		9239D36C248CAA7D00FCB644 /* Frameworks */ = {
			isa = PBXFrameworksBuildPhase;
			buildActionMask = 2147483647;
			files = (
			);
			runOnlyForDeploymentPostprocessing = 0;
		};
/* End PBXFrameworksBuildPhase section */

/* Begin PBXGroup section */
		9239D366248CAA7D00FCB644 = {
			isa = PBXGroup;
			children = (
				9239D371248CAA7E00FCB644 /* archorPoint */,
				9239D370248CAA7E00FCB644 /* Products */,
			);
			sourceTree = "<group>";
		};
		9239D370248CAA7E00FCB644 /* Products */ = {
			isa = PBXGroup;
			children = (
				9239D36F248CAA7E00FCB644 /* archorPoint.app */,
			);
			name = Products;
			sourceTree = "<group>";
		};
		9239D371248CAA7E00FCB644 /* archorPoint */ = {
			isa = PBXGroup;
			children = (
				9239D372248CAA7E00FCB644 /* AppDelegate.h */,
				9239D373248CAA7E00FCB644 /* AppDelegate.m */,
				9239D375248CAA7E00FCB644 /* SceneDelegate.h */,
				9239D376248CAA7E00FCB644 /* SceneDelegate.m */,
				9239D378248CAA7E00FCB644 /* ViewController.h */,
				9239D379248CAA7E00FCB644 /* ViewController.m */,
				9239D37E248CAA8600FCB644 /* Assets.xcassets */,
				9239D380248CAA8600FCB644 /* LaunchScreen.storyboard */,
				9239D383248CAA8600FCB644 /* Info.plist */,
				9239D384248CAA8600FCB644 /* main.m */,
			);
			path = archorPoint;
			sourceTree = "<group>";
		};
/* End PBXGroup section */

/* Begin PBXNativeTarget section */
		9239D36E248CAA7D00FCB644 /* archorPoint */ = {
			isa = PBXNativeTarget;
			buildConfigurationList = 9239D388248CAA8600FCB644 /* Build configuration list for PBXNativeTarget "archorPoint" */;
			buildPhases = (
				9239D36B248CAA7D00FCB644 /* Sources */,
				9239D36C248CAA7D00FCB644 /* Frameworks */,
				9239D36D248CAA7D00FCB644 /* Resources */,
			);
			buildRules = (
			);
			dependencies = (
			);
			name = archorPoint;
			productName = archorPoint;
			productReference = 9239D36F248CAA7E00FCB644 /* archorPoint.app */;
			productType = "com.apple.product-type.application";
		};
/* End PBXNativeTarget section */

/* Begin PBXProject section */
		9239D367248CAA7D00FCB644 /* Project object */ = {
			isa = PBXProject;
			attributes = {
				LastUpgradeCheck = 1130;
				ORGANIZATIONNAME = Gmingyue;
				TargetAttributes = {
					9239D36E248CAA7D00FCB644 = {
						CreatedOnToolsVersion = 11.3;
					};
				};
			};
			buildConfigurationList = 9239D36A248CAA7D00FCB644 /* Build configuration list for PBXProject "archorPoint" */;
			compatibilityVersion = "Xcode 9.3";
			developmentRegion = en;
			hasScannedForEncodings = 0;
			knownRegions = (
				en,
				Base,
			);
			mainGroup = 9239D366248CAA7D00FCB644;
			productRefGroup = 9239D370248CAA7E00FCB644 /* Products */;
			projectDirPath = "";
			projectRoot = "";
			targets = (
				9239D36E248CAA7D00FCB644 /* archorPoint */,
			);
		};
/* End PBXProject section */

/* Begin PBXResourcesBuildPhase section */
		9239D36D248CAA7D00FCB644 /* Resources */ = {
			isa = PBXResourcesBuildPhase;
			buildActionMask = 2147483647;
			files = (
				9239D382248CAA8600FCB644 /* LaunchScreen.storyboard in Resources */,
				9239D37F248CAA8600FCB644 /* Assets.xcassets in Resources */,
			);
			runOnlyForDeploymentPostprocessing = 0;
		};
/* End PBXResourcesBuildPhase section */

/* Begin PBXSourcesBuildPhase section */
		9239D36B248CAA7D00FCB644 /* Sources */ = {
			isa = PBXSourcesBuildPhase;
			buildActionMask = 2147483647;
			files = (
				9239D37A248CAA7E00FCB644 /* ViewController.m in Sources */,
				9239D374248CAA7E00FCB644 /* AppDelegate.m in Sources */,
				9239D385248CAA8600FCB644 /* main.m in Sources */,
				9239D377248CAA7E00FCB644 /* SceneDelegate.m in Sources */,
			);
			runOnlyForDeploymentPostprocessing = 0;
		};
/* End PBXSourcesBuildPhase section */

/* Begin PBXVariantGroup section */
		9239D380248CAA8600FCB644 /* LaunchScreen.storyboard */ = {
			isa = PBXVariantGroup;
			children = (
				9239D381248CAA8600FCB644 /* Base */,
			);
			name = LaunchScreen.storyboard;
			sourceTree = "<group>";
		};
/* End PBXVariantGroup section */

/* Begin XCBuildConfiguration section */
		9239D386248CAA8600FCB644 /* Debug */ = {
			isa = XCBuildConfiguration;
			buildSettings = {
				ALWAYS_SEARCH_USER_PATHS = NO;
				CLANG_ANALYZER_NONNULL = YES;
				CLANG_ANALYZER_NUMBER_OBJECT_CONVERSION = YES_AGGRESSIVE;
				CLANG_CXX_LANGUAGE_STANDARD = "gnu++14";
				CLANG_CXX_LIBRARY = "libc++";
				CLANG_ENABLE_MODULES = YES;
				CLANG_ENABLE_OBJC_ARC = YES;
				CLANG_ENABLE_OBJC_WEAK = YES;
				CLANG_WARN_BLOCK_CAPTURE_AUTORELEASING = YES;
				CLANG_WARN_BOOL_CONVERSION = YES;
				CLANG_WARN_COMMA = YES;
				CLANG_WARN_CONSTANT_CONVERSION = YES;
				CLANG_WARN_DEPRECATED_OBJC_IMPLEMENTATIONS = YES;
				CLANG_WARN_DIRECT_OBJC_ISA_USAGE = YES_ERROR;
				CLANG_WARN_DOCUMENTATION_COMMENTS = YES;
				CLANG_WARN_EMPTY_BODY = YES;
				CLANG_WARN_ENUM_CONVERSION = YES;
				CLANG_WARN_INFINITE_RECURSION = YES;
				CLANG_WARN_INT_CONVERSION = YES;
				CLANG_WARN_NON_LITERAL_NULL_CONVERSION = YES;
				CLANG_WARN_OBJC_IMPLICIT_RETAIN_SELF = YES;
				CLANG_WARN_OBJC_LITERAL_CONVERSION = YES;
				CLANG_WARN_OBJC_ROOT_CLASS = YES_ERROR;
				CLANG_WARN_RANGE_LOOP_ANALYSIS = YES;
				CLANG_WARN_STRICT_PROTOTYPES = YES;
				CLANG_WARN_SUSPICIOUS_MOVE = YES;
				CLANG_WARN_UNGUARDED_AVAILABILITY = YES_AGGRESSIVE;
				CLANG_WARN_UNREACHABLE_CODE = YES;
				CLANG_WARN__DUPLICATE_METHOD_MATCH = YES;
				COPY_PHASE_STRIP = NO;
				DEBUG_INFORMATION_FORMAT = dwarf;
				ENABLE_STRICT_OBJC_MSGSEND = YES;
				ENABLE_TESTABILITY = YES;
				GCC_C_LANGUAGE_STANDARD = gnu11;
				GCC_DYNAMIC_NO_PIC = NO;
				GCC_NO_COMMON_BLOCKS = YES;
				GCC_OPTIMIZATION_LEVEL = 0;
				GCC_PREPROCESSOR_DEFINITIONS = (
					"DEBUG=1",
					"$(inherited)",
				);
				GCC_WARN_64_TO_32_BIT_CONVERSION = YES;
				GCC_WARN_ABOUT_RETURN_TYPE = YES_ERROR;
				GCC_WARN_UNDECLARED_SELECTOR = YES;
				GCC_WARN_UNINITIALIZED_AUTOS = YES_AGGRESSIVE;
				GCC_WARN_UNUSED_FUNCTION = YES;
				GCC_WARN_UNUSED_VARIABLE = YES;
				IPHONEOS_DEPLOYMENT_TARGET = 13.2;
				MTL_ENABLE_DEBUG_INFO = INCLUDE_SOURCE;
				MTL_FAST_MATH = YES;
				ONLY_ACTIVE_ARCH = YES;
				SDKROOT = iphoneos;
			};
			name = Debug;
		};
		9239D387248CAA8600FCB644 /* Release */ = {
			isa = XCBuildConfiguration;
			buildSettings = {
				ALWAYS_SEARCH_USER_PATHS = NO;
				CLANG_ANALYZER_NONNULL = YES;
				CLANG_ANALYZER_NUMBER_OBJECT_CONVERSION = YES_AGGRESSIVE;
				CLANG_CXX_LANGUAGE_STANDARD = "gnu++14";
				CLANG_CXX_LIBRARY = "libc++";
				CLANG_ENABLE_MODULES = YES;
				CLANG_ENABLE_OBJC_ARC = YES;
				CLANG_ENABLE_OBJC_WEAK = YES;
				CLANG_WARN_BLOCK_CAPTURE_AUTORELEASING = YES;
				CLANG_WARN_BOOL_CONVERSION = YES;
				CLANG_WARN_COMMA = YES;
				CLANG_WARN_CONSTANT_CONVERSION = YES;
				CLANG_WARN_DEPRECATED_OBJC_IMPLEMENTATIONS = YES;
				CLANG_WARN_DIRECT_OBJC_ISA_USAGE = YES_ERROR;
				CLANG_WARN_DOCUMENTATION_COMMENTS = YES;
				CLANG_WARN_EMPTY_BODY = YES;
				CLANG_WARN_ENUM_CONVERSION = YES;
				CLANG_WARN_INFINITE_RECURSION = YES;
				CLANG_WARN_INT_CONVERSION = YES;
				CLANG_WARN_NON_LITERAL_NULL_CONVERSION = YES;
				CLANG_WARN_OBJC_IMPLICIT_RETAIN_SELF = YES;
				CLANG_WARN_OBJC_LITERAL_CONVERSION = YES;
				CLANG_WARN_OBJC_ROOT_CLASS = YES_ERROR;
				CLANG_WARN_RANGE_LOOP_ANALYSIS = YES;
				CLANG_WARN_STRICT_PROTOTYPES = YES;
				CLANG_WARN_SUSPICIOUS_MOVE = YES;
				CLANG_WARN_UNGUARDED_AVAILABILITY = YES_AGGRESSIVE;
				CLANG_WARN_UNREACHABLE_CODE = YES;
				CLANG_WARN__DUPLICATE_METHOD_MATCH = YES;
				COPY_PHASE_STRIP = NO;
				DEBUG_INFORMATION_FORMAT = "dwarf-with-dsym";
				ENABLE_NS_ASSERTIONS = NO;
				ENABLE_STRICT_OBJC_MSGSEND = YES;
				GCC_C_LANGUAGE_STANDARD = gnu11;
				GCC_NO_COMMON_BLOCKS = YES;
				GCC_WARN_64_TO_32_BIT_CONVERSION = YES;
				GCC_WARN_ABOUT_RETURN_TYPE = YES_ERROR;
				GCC_WARN_UNDECLARED_SELECTOR = YES;
				GCC_WARN_UNINITIALIZED_AUTOS = YES_AGGRESSIVE;
				GCC_WARN_UNUSED_FUNCTION = YES;
				GCC_WARN_UNUSED_VARIABLE = YES;
				IPHONEOS_DEPLOYMENT_TARGET = 13.2;
				MTL_ENABLE_DEBUG_INFO = NO;
				MTL_FAST_MATH = YES;
				SDKROOT = iphoneos;
				VALIDATE_PRODUCT = YES;
			};
			name = Release;
		};
		9239D389248CAA8600FCB644 /* Debug */ = {
			isa = XCBuildConfiguration;
			buildSettings = {
				ASSETCATALOG_COMPILER_APPICON_NAME = AppIcon;
				CODE_SIGN_STYLE = Automatic;
				INFOPLIST_FILE = archorPoint/Info.plist;
				LD_RUNPATH_SEARCH_PATHS = (
					"$(inherited)",
					"@executable_path/Frameworks",
				);
				PRODUCT_BUNDLE_IDENTIFIER = "www.mingyuefly.com-.archorPoint";
				PRODUCT_NAME = "$(TARGET_NAME)";
				TARGETED_DEVICE_FAMILY = "1,2";
			};
			name = Debug;
		};
		9239D38A248CAA8600FCB644 /* Release */ = {
			isa = XCBuildConfiguration;
			buildSettings = {
				ASSETCATALOG_COMPILER_APPICON_NAME = AppIcon;
				CODE_SIGN_STYLE = Automatic;
				INFOPLIST_FILE = archorPoint/Info.plist;
				LD_RUNPATH_SEARCH_PATHS = (
					"$(inherited)",
					"@executable_path/Frameworks",
				);
				PRODUCT_BUNDLE_IDENTIFIER = "www.mingyuefly.com-.archorPoint";
				PRODUCT_NAME = "$(TARGET_NAME)";
				TARGETED_DEVICE_FAMILY = "1,2";
			};
			name = Release;
		};
/* End XCBuildConfiguration section */

/* Begin XCConfigurationList section */
		9239D36A248CAA7D00FCB644 /* Build configuration list for PBXProject "archorPoint" */ = {
			isa = XCConfigurationList;
			buildConfigurations = (
				9239D386248CAA8600FCB644 /* Debug */,
				9239D387248CAA8600FCB644 /* Release */,
			);
			defaultConfigurationIsVisible = 0;
			defaultConfigurationName = Release;
		};
		9239D388248CAA8600FCB644 /* Build configuration list for PBXNativeTarget "archorPoint" */ = {
			isa = XCConfigurationList;
			buildConfigurations = (
				9239D389248CAA8600FCB644 /* Debug */,
				9239D38A248CAA8600FCB644 /* Release */,
			);
			defaultConfigurationIsVisible = 0;
			defaultConfigurationName = Release;
		};
/* End XCConfigurationList section */
	};
	rootObject = 9239D367248CAA7D00FCB644 /* Project object */;
}
