// !$*UTF8*$!
{
	archiveVersion = 1;
	classes = {
	};
	objectVersion = 50;
	objects = {

/* Begin PBXBuildFile section */
		AAB2575C23D6DC4B00B27C70 /* AppDelegate.m in Sources */ = {isa = PBXBuildFile; fileRef = AAB2575B23D6DC4B00B27C70 /* AppDelegate.m */; };
		AAB2575F23D6DC4B00B27C70 /* SceneDelegate.m in Sources */ = {isa = PBXBuildFile; fileRef = AAB2575E23D6DC4B00B27C70 /* SceneDelegate.m */; };
		AAB2576223D6DC4B00B27C70 /* ViewController.m in Sources */ = {isa = PBXBuildFile; fileRef = AAB2576123D6DC4B00B27C70 /* ViewController.m */; };
		AAB2576723D6DC4D00B27C70 /* Assets.xcassets in Resources */ = {isa = PBXBuildFile; fileRef = AAB2576623D6DC4D00B27C70 /* Assets.xcassets */; };
		AAB2576A23D6DC4D00B27C70 /* LaunchScreen.storyboard in Resources */ = {isa = PBXBuildFile; fileRef = AAB2576823D6DC4D00B27C70 /* LaunchScreen.storyboard */; };
		AAB2576D23D6DC4D00B27C70 /* main.m in Sources */ = {isa = PBXBuildFile; fileRef = AAB2576C23D6DC4D00B27C70 /* main.m */; };
/* End PBXBuildFile section */

/* Begin PBXFileReference section */
		AAB2575723D6DC4B00B27C70 /* customerTransition.app */ = {isa = PBXFileReference; explicitFileType = wrapper.application; includeInIndex = 0; path = customerTransition.app; sourceTree = BUILT_PRODUCTS_DIR; };
		AAB2575A23D6DC4B00B27C70 /* AppDelegate.h */ = {isa = PBXFileReference; lastKnownFileType = sourcecode.c.h; path = AppDelegate.h; sourceTree = "<group>"; };
		AAB2575B23D6DC4B00B27C70 /* AppDelegate.m */ = {isa = PBXFileReference; lastKnownFileType = sourcecode.c.objc; path = AppDelegate.m; sourceTree = "<group>"; };
		AAB2575D23D6DC4B00B27C70 /* SceneDelegate.h */ = {isa = PBXFileReference; lastKnownFileType = sourcecode.c.h; path = SceneDelegate.h; sourceTree = "<group>"; };
		AAB2575E23D6DC4B00B27C70 /* SceneDelegate.m */ = {isa = PBXFileReference; lastKnownFileType = sourcecode.c.objc; path = SceneDelegate.m; sourceTree = "<group>"; };
		AAB2576023D6DC4B00B27C70 /* ViewController.h */ = {isa = PBXFileReference; lastKnownFileType = sourcecode.c.h; path = ViewController.h; sourceTree = "<group>"; };
		AAB2576123D6DC4B00B27C70 /* ViewController.m */ = {isa = PBXFileReference; lastKnownFileType = sourcecode.c.objc; path = ViewController.m; sourceTree = "<group>"; };
		AAB2576623D6DC4D00B27C70 /* Assets.xcassets */ = {isa = PBXFileReference; lastKnownFileType = folder.assetcatalog; path = Assets.xcassets; sourceTree = "<group>"; };
		AAB2576923D6DC4D00B27C70 /* Base */ = {isa = PBXFileReference; lastKnownFileType = file.storyboard; name = Base; path = Base.lproj/LaunchScreen.storyboard; sourceTree = "<group>"; };
		AAB2576B23D6DC4D00B27C70 /* Info.plist */ = {isa = PBXFileReference; lastKnownFileType = text.plist.xml; path = Info.plist; sourceTree = "<group>"; };
		AAB2576C23D6DC4D00B27C70 /* main.m */ = {isa = PBXFileReference; lastKnownFileType = sourcecode.c.objc; path = main.m; sourceTree = "<group>"; };
/* End PBXFileReference section */

/* Begin PBXFrameworksBuildPhase section */
		AAB2575423D6DC4B00B27C70 /* Frameworks */ = {
			isa = PBXFrameworksBuildPhase;
			buildActionMask = 2147483647;
			files = (
			);
			runOnlyForDeploymentPostprocessing = 0;
		};
/* End PBXFrameworksBuildPhase section */

/* Begin PBXGroup section */
		AAB2574E23D6DC4B00B27C70 = {
			isa = PBXGroup;
			children = (
				AAB2575923D6DC4B00B27C70 /* customerTransition */,
				AAB2575823D6DC4B00B27C70 /* Products */,
			);
			sourceTree = "<group>";
		};
		AAB2575823D6DC4B00B27C70 /* Products */ = {
			isa = PBXGroup;
			children = (
				AAB2575723D6DC4B00B27C70 /* customerTransition.app */,
			);
			name = Products;
			sourceTree = "<group>";
		};
		AAB2575923D6DC4B00B27C70 /* customerTransition */ = {
			isa = PBXGroup;
			children = (
				AAB2575A23D6DC4B00B27C70 /* AppDelegate.h */,
				AAB2575B23D6DC4B00B27C70 /* AppDelegate.m */,
				AAB2575D23D6DC4B00B27C70 /* SceneDelegate.h */,
				AAB2575E23D6DC4B00B27C70 /* SceneDelegate.m */,
				AAB2576023D6DC4B00B27C70 /* ViewController.h */,
				AAB2576123D6DC4B00B27C70 /* ViewController.m */,
				AAB2576623D6DC4D00B27C70 /* Assets.xcassets */,
				AAB2576823D6DC4D00B27C70 /* LaunchScreen.storyboard */,
				AAB2576B23D6DC4D00B27C70 /* Info.plist */,
				AAB2576C23D6DC4D00B27C70 /* main.m */,
			);
			path = customerTransition;
			sourceTree = "<group>";
		};
/* End PBXGroup section */

/* Begin PBXNativeTarget section */
		AAB2575623D6DC4B00B27C70 /* customerTransition */ = {
			isa = PBXNativeTarget;
			buildConfigurationList = AAB2577023D6DC4D00B27C70 /* Build configuration list for PBXNativeTarget "customerTransition" */;
			buildPhases = (
				AAB2575323D6DC4B00B27C70 /* Sources */,
				AAB2575423D6DC4B00B27C70 /* Frameworks */,
				AAB2575523D6DC4B00B27C70 /* Resources */,
			);
			buildRules = (
			);
			dependencies = (
			);
			name = customerTransition;
			productName = customerTransition;
			productReference = AAB2575723D6DC4B00B27C70 /* customerTransition.app */;
			productType = "com.apple.product-type.application";
		};
/* End PBXNativeTarget section */

/* Begin PBXProject section */
		AAB2574F23D6DC4B00B27C70 /* Project object */ = {
			isa = PBXProject;
			attributes = {
				LastUpgradeCheck = 1130;
				ORGANIZATIONNAME = Gmingyue;
				TargetAttributes = {
					AAB2575623D6DC4B00B27C70 = {
						CreatedOnToolsVersion = 11.3.1;
					};
				};
			};
			buildConfigurationList = AAB2575223D6DC4B00B27C70 /* Build configuration list for PBXProject "customerTransition" */;
			compatibilityVersion = "Xcode 9.3";
			developmentRegion = en;
			hasScannedForEncodings = 0;
			knownRegions = (
				en,
				Base,
			);
			mainGroup = AAB2574E23D6DC4B00B27C70;
			productRefGroup = AAB2575823D6DC4B00B27C70 /* Products */;
			projectDirPath = "";
			projectRoot = "";
			targets = (
				AAB2575623D6DC4B00B27C70 /* customerTransition */,
			);
		};
/* End PBXProject section */

/* Begin PBXResourcesBuildPhase section */
		AAB2575523D6DC4B00B27C70 /* Resources */ = {
			isa = PBXResourcesBuildPhase;
			buildActionMask = 2147483647;
			files = (
				AAB2576A23D6DC4D00B27C70 /* LaunchScreen.storyboard in Resources */,
				AAB2576723D6DC4D00B27C70 /* Assets.xcassets in Resources */,
			);
			runOnlyForDeploymentPostprocessing = 0;
		};
/* End PBXResourcesBuildPhase section */

/* Begin PBXSourcesBuildPhase section */
		AAB2575323D6DC4B00B27C70 /* Sources */ = {
			isa = PBXSourcesBuildPhase;
			buildActionMask = 2147483647;
			files = (
				AAB2576223D6DC4B00B27C70 /* ViewController.m in Sources */,
				AAB2575C23D6DC4B00B27C70 /* AppDelegate.m in Sources */,
				AAB2576D23D6DC4D00B27C70 /* main.m in Sources */,
				AAB2575F23D6DC4B00B27C70 /* SceneDelegate.m in Sources */,
			);
			runOnlyForDeploymentPostprocessing = 0;
		};
/* End PBXSourcesBuildPhase section */

/* Begin PBXVariantGroup section */
		AAB2576823D6DC4D00B27C70 /* LaunchScreen.storyboard */ = {
			isa = PBXVariantGroup;
			children = (
				AAB2576923D6DC4D00B27C70 /* Base */,
			);
			name = LaunchScreen.storyboard;
			sourceTree = "<group>";
		};
/* End PBXVariantGroup section */

/* Begin XCBuildConfiguration section */
		AAB2576E23D6DC4D00B27C70 /* Debug */ = {
			isa = XCBuildConfiguration;
			buildSettings = {
				ALWAYS_SEARCH_USER_PATHS = NO;
				CLANG_ANALYZER_NONNULL = YES;
				CLANG_ANALYZER_NUMBER_OBJECT_CONVERSION = YES_AGGRESSIVE;
				CLANG_CXX_LANGUAGE_STANDARD = "gnu++14";
				CLANG_CXX_LIBRARY = "libc++";
				CLANG_ENABLE_MODULES = YES;
				CLANG_ENABLE_OBJC_ARC = YES;
				CLANG_ENABLE_OBJC_WEAK = YES;
				CLANG_WARN_BLOCK_CAPTURE_AUTORELEASING = YES;
				CLANG_WARN_BOOL_CONVERSION = YES;
				CLANG_WARN_COMMA = YES;
				CLANG_WARN_CONSTANT_CONVERSION = YES;
				CLANG_WARN_DEPRECATED_OBJC_IMPLEMENTATIONS = YES;
				CLANG_WARN_DIRECT_OBJC_ISA_USAGE = YES_ERROR;
				CLANG_WARN_DOCUMENTATION_COMMENTS = YES;
				CLANG_WARN_EMPTY_BODY = YES;
				CLANG_WARN_ENUM_CONVERSION = YES;
				CLANG_WARN_INFINITE_RECURSION = YES;
				CLANG_WARN_INT_CONVERSION = YES;
				CLANG_WARN_NON_LITERAL_NULL_CONVERSION = YES;
				CLANG_WARN_OBJC_IMPLICIT_RETAIN_SELF = YES;
				CLANG_WARN_OBJC_LITERAL_CONVERSION = YES;
				CLANG_WARN_OBJC_ROOT_CLASS = YES_ERROR;
				CLANG_WARN_RANGE_LOOP_ANALYSIS = YES;
				CLANG_WARN_STRICT_PROTOTYPES = YES;
				CLANG_WARN_SUSPICIOUS_MOVE = YES;
				CLANG_WARN_UNGUARDED_AVAILABILITY = YES_AGGRESSIVE;
				CLANG_WARN_UNREACHABLE_CODE = YES;
				CLANG_WARN__DUPLICATE_METHOD_MATCH = YES;
				COPY_PHASE_STRIP = NO;
				DEBUG_INFORMATION_FORMAT = dwarf;
				ENABLE_STRICT_OBJC_MSGSEND = YES;
				ENABLE_TESTABILITY = YES;
				GCC_C_LANGUAGE_STANDARD = gnu11;
				GCC_DYNAMIC_NO_PIC = NO;
				GCC_NO_COMMON_BLOCKS = YES;
				GCC_OPTIMIZATION_LEVEL = 0;
				GCC_PREPROCESSOR_DEFINITIONS = (
					"DEBUG=1",
					"$(inherited)",
				);
				GCC_WARN_64_TO_32_BIT_CONVERSION = YES;
				GCC_WARN_ABOUT_RETURN_TYPE = YES_ERROR;
				GCC_WARN_UNDECLARED_SELECTOR = YES;
				GCC_WARN_UNINITIALIZED_AUTOS = YES_AGGRESSIVE;
				GCC_WARN_UNUSED_FUNCTION = YES;
				GCC_WARN_UNUSED_VARIABLE = YES;
				IPHONEOS_DEPLOYMENT_TARGET = 13.2;
				MTL_ENABLE_DEBUG_INFO = INCLUDE_SOURCE;
				MTL_FAST_MATH = YES;
				ONLY_ACTIVE_ARCH = YES;
				SDKROOT = iphoneos;
			};
			name = Debug;
		};
		AAB2576F23D6DC4D00B27C70 /* Release */ = {
			isa = XCBuildConfiguration;
			buildSettings = {
				ALWAYS_SEARCH_USER_PATHS = NO;
				CLANG_ANALYZER_NONNULL = YES;
				CLANG_ANALYZER_NUMBER_OBJECT_CONVERSION = YES_AGGRESSIVE;
				CLANG_CXX_LANGUAGE_STANDARD = "gnu++14";
				CLANG_CXX_LIBRARY = "libc++";
				CLANG_ENABLE_MODULES = YES;
				CLANG_ENABLE_OBJC_ARC = YES;
				CLANG_ENABLE_OBJC_WEAK = YES;
				CLANG_WARN_BLOCK_CAPTURE_AUTORELEASING = YES;
				CLANG_WARN_BOOL_CONVERSION = YES;
				CLANG_WARN_COMMA = YES;
				CLANG_WARN_CONSTANT_CONVERSION = YES;
				CLANG_WARN_DEPRECATED_OBJC_IMPLEMENTATIONS = YES;
				CLANG_WARN_DIRECT_OBJC_ISA_USAGE = YES_ERROR;
				CLANG_WARN_DOCUMENTATION_COMMENTS = YES;
				CLANG_WARN_EMPTY_BODY = YES;
				CLANG_WARN_ENUM_CONVERSION = YES;
				CLANG_WARN_INFINITE_RECURSION = YES;
				CLANG_WARN_INT_CONVERSION = YES;
				CLANG_WARN_NON_LITERAL_NULL_CONVERSION = YES;
				CLANG_WARN_OBJC_IMPLICIT_RETAIN_SELF = YES;
				CLANG_WARN_OBJC_LITERAL_CONVERSION = YES;
				CLANG_WARN_OBJC_ROOT_CLASS = YES_ERROR;
				CLANG_WARN_RANGE_LOOP_ANALYSIS = YES;
				CLANG_WARN_STRICT_PROTOTYPES = YES;
				CLANG_WARN_SUSPICIOUS_MOVE = YES;
				CLANG_WARN_UNGUARDED_AVAILABILITY = YES_AGGRESSIVE;
				CLANG_WARN_UNREACHABLE_CODE = YES;
				CLANG_WARN__DUPLICATE_METHOD_MATCH = YES;
				COPY_PHASE_STRIP = NO;
				DEBUG_INFORMATION_FORMAT = "dwarf-with-dsym";
				ENABLE_NS_ASSERTIONS = NO;
				ENABLE_STRICT_OBJC_MSGSEND = YES;
				GCC_C_LANGUAGE_STANDARD = gnu11;
				GCC_NO_COMMON_BLOCKS = YES;
				GCC_WARN_64_TO_32_BIT_CONVERSION = YES;
				GCC_WARN_ABOUT_RETURN_TYPE = YES_ERROR;
				GCC_WARN_UNDECLARED_SELECTOR = YES;
				GCC_WARN_UNINITIALIZED_AUTOS = YES_AGGRESSIVE;
				GCC_WARN_UNUSED_FUNCTION = YES;
				GCC_WARN_UNUSED_VARIABLE = YES;
				IPHONEOS_DEPLOYMENT_TARGET = 13.2;
				MTL_ENABLE_DEBUG_INFO = NO;
				MTL_FAST_MATH = YES;
				SDKROOT = iphoneos;
				VALIDATE_PRODUCT = YES;
			};
			name = Release;
		};
		AAB2577123D6DC4D00B27C70 /* Debug */ = {
			isa = XCBuildConfiguration;
			buildSettings = {
				ASSETCATALOG_COMPILER_APPICON_NAME = AppIcon;
				CODE_SIGN_STYLE = Automatic;
				INFOPLIST_FILE = customerTransition/Info.plist;
				LD_RUNPATH_SEARCH_PATHS = (
					"$(inherited)",
					"@executable_path/Frameworks",
				);
				PRODUCT_BUNDLE_IDENTIFIER = com.mingyuefly.com.customerTransition;
				PRODUCT_NAME = "$(TARGET_NAME)";
				TARGETED_DEVICE_FAMILY = "1,2";
			};
			name = Debug;
		};
		AAB2577223D6DC4D00B27C70 /* Release */ = {
			isa = XCBuildConfiguration;
			buildSettings = {
				ASSETCATALOG_COMPILER_APPICON_NAME = AppIcon;
				CODE_SIGN_STYLE = Automatic;
				INFOPLIST_FILE = customerTransition/Info.plist;
				LD_RUNPATH_SEARCH_PATHS = (
					"$(inherited)",
					"@executable_path/Frameworks",
				);
				PRODUCT_BUNDLE_IDENTIFIER = com.mingyuefly.com.customerTransition;
				PRODUCT_NAME = "$(TARGET_NAME)";
				TARGETED_DEVICE_FAMILY = "1,2";
			};
			name = Release;
		};
/* End XCBuildConfiguration section */

/* Begin XCConfigurationList section */
		AAB2575223D6DC4B00B27C70 /* Build configuration list for PBXProject "customerTransition" */ = {
			isa = XCConfigurationList;
			buildConfigurations = (
				AAB2576E23D6DC4D00B27C70 /* Debug */,
				AAB2576F23D6DC4D00B27C70 /* Release */,
			);
			defaultConfigurationIsVisible = 0;
			defaultConfigurationName = Release;
		};
		AAB2577023D6DC4D00B27C70 /* Build configuration list for PBXNativeTarget "customerTransition" */ = {
			isa = XCConfigurationList;
			buildConfigurations = (
				AAB2577123D6DC4D00B27C70 /* Debug */,
				AAB2577223D6DC4D00B27C70 /* Release */,
			);
			defaultConfigurationIsVisible = 0;
			defaultConfigurationName = Release;
		};
/* End XCConfigurationList section */
	};
	rootObject = AAB2574F23D6DC4B00B27C70 /* Project object */;
}
