// !$*UTF8*$!
{
	archiveVersion = 1;
	classes = {
	};
	objectVersion = 50;
	objects = {

/* Begin PBXBuildFile section */
		AAACBC2823D1951A00C37CA9 /* AppDelegate.m in Sources */ = {isa = PBXBuildFile; fileRef = AAACBC2723D1951A00C37CA9 /* AppDelegate.m */; };
		AAACBC2B23D1951A00C37CA9 /* SceneDelegate.m in Sources */ = {isa = PBXBuildFile; fileRef = AAACBC2A23D1951A00C37CA9 /* SceneDelegate.m */; };
		AAACBC2E23D1951A00C37CA9 /* ViewController.m in Sources */ = {isa = PBXBuildFile; fileRef = AAACBC2D23D1951A00C37CA9 /* ViewController.m */; };
		AAACBC3323D1951D00C37CA9 /* Assets.xcassets in Resources */ = {isa = PBXBuildFile; fileRef = AAACBC3223D1951D00C37CA9 /* Assets.xcassets */; };
		AAACBC3623D1951D00C37CA9 /* LaunchScreen.storyboard in Resources */ = {isa = PBXBuildFile; fileRef = AAACBC3423D1951D00C37CA9 /* LaunchScreen.storyboard */; };
		AAACBC3923D1951D00C37CA9 /* main.m in Sources */ = {isa = PBXBuildFile; fileRef = AAACBC3823D1951D00C37CA9 /* main.m */; };
		AAACBC4123D1A5E200C37CA9 /* ReflectionView.m in Sources */ = {isa = PBXBuildFile; fileRef = AAACBC4023D1A5E200C37CA9 /* ReflectionView.m */; };
/* End PBXBuildFile section */

/* Begin PBXFileReference section */
		AAACBC2323D1951A00C37CA9 /* CAReplicatorLayer.app */ = {isa = PBXFileReference; explicitFileType = wrapper.application; includeInIndex = 0; path = CAReplicatorLayer.app; sourceTree = BUILT_PRODUCTS_DIR; };
		AAACBC2623D1951A00C37CA9 /* AppDelegate.h */ = {isa = PBXFileReference; lastKnownFileType = sourcecode.c.h; path = AppDelegate.h; sourceTree = "<group>"; };
		AAACBC2723D1951A00C37CA9 /* AppDelegate.m */ = {isa = PBXFileReference; lastKnownFileType = sourcecode.c.objc; path = AppDelegate.m; sourceTree = "<group>"; };
		AAACBC2923D1951A00C37CA9 /* SceneDelegate.h */ = {isa = PBXFileReference; lastKnownFileType = sourcecode.c.h; path = SceneDelegate.h; sourceTree = "<group>"; };
		AAACBC2A23D1951A00C37CA9 /* SceneDelegate.m */ = {isa = PBXFileReference; lastKnownFileType = sourcecode.c.objc; path = SceneDelegate.m; sourceTree = "<group>"; };
		AAACBC2C23D1951A00C37CA9 /* ViewController.h */ = {isa = PBXFileReference; lastKnownFileType = sourcecode.c.h; path = ViewController.h; sourceTree = "<group>"; };
		AAACBC2D23D1951A00C37CA9 /* ViewController.m */ = {isa = PBXFileReference; lastKnownFileType = sourcecode.c.objc; path = ViewController.m; sourceTree = "<group>"; };
		AAACBC3223D1951D00C37CA9 /* Assets.xcassets */ = {isa = PBXFileReference; lastKnownFileType = folder.assetcatalog; path = Assets.xcassets; sourceTree = "<group>"; };
		AAACBC3523D1951D00C37CA9 /* Base */ = {isa = PBXFileReference; lastKnownFileType = file.storyboard; name = Base; path = Base.lproj/LaunchScreen.storyboard; sourceTree = "<group>"; };
		AAACBC3723D1951D00C37CA9 /* Info.plist */ = {isa = PBXFileReference; lastKnownFileType = text.plist.xml; path = Info.plist; sourceTree = "<group>"; };
		AAACBC3823D1951D00C37CA9 /* main.m */ = {isa = PBXFileReference; lastKnownFileType = sourcecode.c.objc; path = main.m; sourceTree = "<group>"; };
		AAACBC3F23D1A5E200C37CA9 /* ReflectionView.h */ = {isa = PBXFileReference; lastKnownFileType = sourcecode.c.h; path = ReflectionView.h; sourceTree = "<group>"; };
		AAACBC4023D1A5E200C37CA9 /* ReflectionView.m */ = {isa = PBXFileReference; lastKnownFileType = sourcecode.c.objc; path = ReflectionView.m; sourceTree = "<group>"; };
/* End PBXFileReference section */

/* Begin PBXFrameworksBuildPhase section */
		AAACBC2023D1951A00C37CA9 /* Frameworks */ = {
			isa = PBXFrameworksBuildPhase;
			buildActionMask = 2147483647;
			files = (
			);
			runOnlyForDeploymentPostprocessing = 0;
		};
/* End PBXFrameworksBuildPhase section */

/* Begin PBXGroup section */
		AAACBC1A23D1951A00C37CA9 = {
			isa = PBXGroup;
			children = (
				AAACBC2523D1951A00C37CA9 /* CAReplicatorLayer */,
				AAACBC2423D1951A00C37CA9 /* Products */,
			);
			sourceTree = "<group>";
		};
		AAACBC2423D1951A00C37CA9 /* Products */ = {
			isa = PBXGroup;
			children = (
				AAACBC2323D1951A00C37CA9 /* CAReplicatorLayer.app */,
			);
			name = Products;
			sourceTree = "<group>";
		};
		AAACBC2523D1951A00C37CA9 /* CAReplicatorLayer */ = {
			isa = PBXGroup;
			children = (
				AAACBC2623D1951A00C37CA9 /* AppDelegate.h */,
				AAACBC2723D1951A00C37CA9 /* AppDelegate.m */,
				AAACBC2923D1951A00C37CA9 /* SceneDelegate.h */,
				AAACBC2A23D1951A00C37CA9 /* SceneDelegate.m */,
				AAACBC2C23D1951A00C37CA9 /* ViewController.h */,
				AAACBC2D23D1951A00C37CA9 /* ViewController.m */,
				AAACBC3F23D1A5E200C37CA9 /* ReflectionView.h */,
				AAACBC4023D1A5E200C37CA9 /* ReflectionView.m */,
				AAACBC3223D1951D00C37CA9 /* Assets.xcassets */,
				AAACBC3423D1951D00C37CA9 /* LaunchScreen.storyboard */,
				AAACBC3723D1951D00C37CA9 /* Info.plist */,
				AAACBC3823D1951D00C37CA9 /* main.m */,
			);
			path = CAReplicatorLayer;
			sourceTree = "<group>";
		};
/* End PBXGroup section */

/* Begin PBXNativeTarget section */
		AAACBC2223D1951A00C37CA9 /* CAReplicatorLayer */ = {
			isa = PBXNativeTarget;
			buildConfigurationList = AAACBC3C23D1951D00C37CA9 /* Build configuration list for PBXNativeTarget "CAReplicatorLayer" */;
			buildPhases = (
				AAACBC1F23D1951A00C37CA9 /* Sources */,
				AAACBC2023D1951A00C37CA9 /* Frameworks */,
				AAACBC2123D1951A00C37CA9 /* Resources */,
			);
			buildRules = (
			);
			dependencies = (
			);
			name = CAReplicatorLayer;
			productName = CAReplicatorLayer;
			productReference = AAACBC2323D1951A00C37CA9 /* CAReplicatorLayer.app */;
			productType = "com.apple.product-type.application";
		};
/* End PBXNativeTarget section */

/* Begin PBXProject section */
		AAACBC1B23D1951A00C37CA9 /* Project object */ = {
			isa = PBXProject;
			attributes = {
				LastUpgradeCheck = 1130;
				ORGANIZATIONNAME = Gmingyue;
				TargetAttributes = {
					AAACBC2223D1951A00C37CA9 = {
						CreatedOnToolsVersion = 11.3.1;
					};
				};
			};
			buildConfigurationList = AAACBC1E23D1951A00C37CA9 /* Build configuration list for PBXProject "CAReplicatorLayer" */;
			compatibilityVersion = "Xcode 9.3";
			developmentRegion = en;
			hasScannedForEncodings = 0;
			knownRegions = (
				en,
				Base,
			);
			mainGroup = AAACBC1A23D1951A00C37CA9;
			productRefGroup = AAACBC2423D1951A00C37CA9 /* Products */;
			projectDirPath = "";
			projectRoot = "";
			targets = (
				AAACBC2223D1951A00C37CA9 /* CAReplicatorLayer */,
			);
		};
/* End PBXProject section */

/* Begin PBXResourcesBuildPhase section */
		AAACBC2123D1951A00C37CA9 /* Resources */ = {
			isa = PBXResourcesBuildPhase;
			buildActionMask = 2147483647;
			files = (
				AAACBC3623D1951D00C37CA9 /* LaunchScreen.storyboard in Resources */,
				AAACBC3323D1951D00C37CA9 /* Assets.xcassets in Resources */,
			);
			runOnlyForDeploymentPostprocessing = 0;
		};
/* End PBXResourcesBuildPhase section */

/* Begin PBXSourcesBuildPhase section */
		AAACBC1F23D1951A00C37CA9 /* Sources */ = {
			isa = PBXSourcesBuildPhase;
			buildActionMask = 2147483647;
			files = (
				AAACBC2E23D1951A00C37CA9 /* ViewController.m in Sources */,
				AAACBC2823D1951A00C37CA9 /* AppDelegate.m in Sources */,
				AAACBC3923D1951D00C37CA9 /* main.m in Sources */,
				AAACBC2B23D1951A00C37CA9 /* SceneDelegate.m in Sources */,
				AAACBC4123D1A5E200C37CA9 /* ReflectionView.m in Sources */,
			);
			runOnlyForDeploymentPostprocessing = 0;
		};
/* End PBXSourcesBuildPhase section */

/* Begin PBXVariantGroup section */
		AAACBC3423D1951D00C37CA9 /* LaunchScreen.storyboard */ = {
			isa = PBXVariantGroup;
			children = (
				AAACBC3523D1951D00C37CA9 /* Base */,
			);
			name = LaunchScreen.storyboard;
			sourceTree = "<group>";
		};
/* End PBXVariantGroup section */

/* Begin XCBuildConfiguration section */
		AAACBC3A23D1951D00C37CA9 /* Debug */ = {
			isa = XCBuildConfiguration;
			buildSettings = {
				ALWAYS_SEARCH_USER_PATHS = NO;
				CLANG_ANALYZER_NONNULL = YES;
				CLANG_ANALYZER_NUMBER_OBJECT_CONVERSION = YES_AGGRESSIVE;
				CLANG_CXX_LANGUAGE_STANDARD = "gnu++14";
				CLANG_CXX_LIBRARY = "libc++";
				CLANG_ENABLE_MODULES = YES;
				CLANG_ENABLE_OBJC_ARC = YES;
				CLANG_ENABLE_OBJC_WEAK = YES;
				CLANG_WARN_BLOCK_CAPTURE_AUTORELEASING = YES;
				CLANG_WARN_BOOL_CONVERSION = YES;
				CLANG_WARN_COMMA = YES;
				CLANG_WARN_CONSTANT_CONVERSION = YES;
				CLANG_WARN_DEPRECATED_OBJC_IMPLEMENTATIONS = YES;
				CLANG_WARN_DIRECT_OBJC_ISA_USAGE = YES_ERROR;
				CLANG_WARN_DOCUMENTATION_COMMENTS = YES;
				CLANG_WARN_EMPTY_BODY = YES;
				CLANG_WARN_ENUM_CONVERSION = YES;
				CLANG_WARN_INFINITE_RECURSION = YES;
				CLANG_WARN_INT_CONVERSION = YES;
				CLANG_WARN_NON_LITERAL_NULL_CONVERSION = YES;
				CLANG_WARN_OBJC_IMPLICIT_RETAIN_SELF = YES;
				CLANG_WARN_OBJC_LITERAL_CONVERSION = YES;
				CLANG_WARN_OBJC_ROOT_CLASS = YES_ERROR;
				CLANG_WARN_RANGE_LOOP_ANALYSIS = YES;
				CLANG_WARN_STRICT_PROTOTYPES = YES;
				CLANG_WARN_SUSPICIOUS_MOVE = YES;
				CLANG_WARN_UNGUARDED_AVAILABILITY = YES_AGGRESSIVE;
				CLANG_WARN_UNREACHABLE_CODE = YES;
				CLANG_WARN__DUPLICATE_METHOD_MATCH = YES;
				COPY_PHASE_STRIP = NO;
				DEBUG_INFORMATION_FORMAT = dwarf;
				ENABLE_STRICT_OBJC_MSGSEND = YES;
				ENABLE_TESTABILITY = YES;
				GCC_C_LANGUAGE_STANDARD = gnu11;
				GCC_DYNAMIC_NO_PIC = NO;
				GCC_NO_COMMON_BLOCKS = YES;
				GCC_OPTIMIZATION_LEVEL = 0;
				GCC_PREPROCESSOR_DEFINITIONS = (
					"DEBUG=1",
					"$(inherited)",
				);
				GCC_WARN_64_TO_32_BIT_CONVERSION = YES;
				GCC_WARN_ABOUT_RETURN_TYPE = YES_ERROR;
				GCC_WARN_UNDECLARED_SELECTOR = YES;
				GCC_WARN_UNINITIALIZED_AUTOS = YES_AGGRESSIVE;
				GCC_WARN_UNUSED_FUNCTION = YES;
				GCC_WARN_UNUSED_VARIABLE = YES;
				IPHONEOS_DEPLOYMENT_TARGET = 13.2;
				MTL_ENABLE_DEBUG_INFO = INCLUDE_SOURCE;
				MTL_FAST_MATH = YES;
				ONLY_ACTIVE_ARCH = YES;
				SDKROOT = iphoneos;
			};
			name = Debug;
		};
		AAACBC3B23D1951D00C37CA9 /* Release */ = {
			isa = XCBuildConfiguration;
			buildSettings = {
				ALWAYS_SEARCH_USER_PATHS = NO;
				CLANG_ANALYZER_NONNULL = YES;
				CLANG_ANALYZER_NUMBER_OBJECT_CONVERSION = YES_AGGRESSIVE;
				CLANG_CXX_LANGUAGE_STANDARD = "gnu++14";
				CLANG_CXX_LIBRARY = "libc++";
				CLANG_ENABLE_MODULES = YES;
				CLANG_ENABLE_OBJC_ARC = YES;
				CLANG_ENABLE_OBJC_WEAK = YES;
				CLANG_WARN_BLOCK_CAPTURE_AUTORELEASING = YES;
				CLANG_WARN_BOOL_CONVERSION = YES;
				CLANG_WARN_COMMA = YES;
				CLANG_WARN_CONSTANT_CONVERSION = YES;
				CLANG_WARN_DEPRECATED_OBJC_IMPLEMENTATIONS = YES;
				CLANG_WARN_DIRECT_OBJC_ISA_USAGE = YES_ERROR;
				CLANG_WARN_DOCUMENTATION_COMMENTS = YES;
				CLANG_WARN_EMPTY_BODY = YES;
				CLANG_WARN_ENUM_CONVERSION = YES;
				CLANG_WARN_INFINITE_RECURSION = YES;
				CLANG_WARN_INT_CONVERSION = YES;
				CLANG_WARN_NON_LITERAL_NULL_CONVERSION = YES;
				CLANG_WARN_OBJC_IMPLICIT_RETAIN_SELF = YES;
				CLANG_WARN_OBJC_LITERAL_CONVERSION = YES;
				CLANG_WARN_OBJC_ROOT_CLASS = YES_ERROR;
				CLANG_WARN_RANGE_LOOP_ANALYSIS = YES;
				CLANG_WARN_STRICT_PROTOTYPES = YES;
				CLANG_WARN_SUSPICIOUS_MOVE = YES;
				CLANG_WARN_UNGUARDED_AVAILABILITY = YES_AGGRESSIVE;
				CLANG_WARN_UNREACHABLE_CODE = YES;
				CLANG_WARN__DUPLICATE_METHOD_MATCH = YES;
				COPY_PHASE_STRIP = NO;
				DEBUG_INFORMATION_FORMAT = "dwarf-with-dsym";
				ENABLE_NS_ASSERTIONS = NO;
				ENABLE_STRICT_OBJC_MSGSEND = YES;
				GCC_C_LANGUAGE_STANDARD = gnu11;
				GCC_NO_COMMON_BLOCKS = YES;
				GCC_WARN_64_TO_32_BIT_CONVERSION = YES;
				GCC_WARN_ABOUT_RETURN_TYPE = YES_ERROR;
				GCC_WARN_UNDECLARED_SELECTOR = YES;
				GCC_WARN_UNINITIALIZED_AUTOS = YES_AGGRESSIVE;
				GCC_WARN_UNUSED_FUNCTION = YES;
				GCC_WARN_UNUSED_VARIABLE = YES;
				IPHONEOS_DEPLOYMENT_TARGET = 13.2;
				MTL_ENABLE_DEBUG_INFO = NO;
				MTL_FAST_MATH = YES;
				SDKROOT = iphoneos;
				VALIDATE_PRODUCT = YES;
			};
			name = Release;
		};
		AAACBC3D23D1951D00C37CA9 /* Debug */ = {
			isa = XCBuildConfiguration;
			buildSettings = {
				ASSETCATALOG_COMPILER_APPICON_NAME = AppIcon;
				CODE_SIGN_STYLE = Automatic;
				INFOPLIST_FILE = CAReplicatorLayer/Info.plist;
				LD_RUNPATH_SEARCH_PATHS = (
					"$(inherited)",
					"@executable_path/Frameworks",
				);
				PRODUCT_BUNDLE_IDENTIFIER = com.mingyuefly.com.CAReplicatorLayer;
				PRODUCT_NAME = "$(TARGET_NAME)";
				TARGETED_DEVICE_FAMILY = "1,2";
			};
			name = Debug;
		};
		AAACBC3E23D1951D00C37CA9 /* Release */ = {
			isa = XCBuildConfiguration;
			buildSettings = {
				ASSETCATALOG_COMPILER_APPICON_NAME = AppIcon;
				CODE_SIGN_STYLE = Automatic;
				INFOPLIST_FILE = CAReplicatorLayer/Info.plist;
				LD_RUNPATH_SEARCH_PATHS = (
					"$(inherited)",
					"@executable_path/Frameworks",
				);
				PRODUCT_BUNDLE_IDENTIFIER = com.mingyuefly.com.CAReplicatorLayer;
				PRODUCT_NAME = "$(TARGET_NAME)";
				TARGETED_DEVICE_FAMILY = "1,2";
			};
			name = Release;
		};
/* End XCBuildConfiguration section */

/* Begin XCConfigurationList section */
		AAACBC1E23D1951A00C37CA9 /* Build configuration list for PBXProject "CAReplicatorLayer" */ = {
			isa = XCConfigurationList;
			buildConfigurations = (
				AAACBC3A23D1951D00C37CA9 /* Debug */,
				AAACBC3B23D1951D00C37CA9 /* Release */,
			);
			defaultConfigurationIsVisible = 0;
			defaultConfigurationName = Release;
		};
		AAACBC3C23D1951D00C37CA9 /* Build configuration list for PBXNativeTarget "CAReplicatorLayer" */ = {
			isa = XCConfigurationList;
			buildConfigurations = (
				AAACBC3D23D1951D00C37CA9 /* Debug */,
				AAACBC3E23D1951D00C37CA9 /* Release */,
			);
			defaultConfigurationIsVisible = 0;
			defaultConfigurationName = Release;
		};
/* End XCConfigurationList section */
	};
	rootObject = AAACBC1B23D1951A00C37CA9 /* Project object */;
}
