// !$*UTF8*$!
{
	archiveVersion = 1;
	classes = {
	};
	objectVersion = 50;
	objects = {

/* Begin PBXBuildFile section */
		92C9E21D23D99E87007EB7EB /* AppDelegate.m in Sources */ = {isa = PBXBuildFile; fileRef = 92C9E21C23D99E87007EB7EB /* AppDelegate.m */; };
		92C9E22023D99E87007EB7EB /* SceneDelegate.m in Sources */ = {isa = PBXBuildFile; fileRef = 92C9E21F23D99E87007EB7EB /* SceneDelegate.m */; };
		92C9E22323D99E87007EB7EB /* ViewController.m in Sources */ = {isa = PBXBuildFile; fileRef = 92C9E22223D99E87007EB7EB /* ViewController.m */; };
		92C9E22623D99E87007EB7EB /* Main.storyboard in Resources */ = {isa = PBXBuildFile; fileRef = 92C9E22423D99E87007EB7EB /* Main.storyboard */; };
		92C9E22823D99E91007EB7EB /* Assets.xcassets in Resources */ = {isa = PBXBuildFile; fileRef = 92C9E22723D99E91007EB7EB /* Assets.xcassets */; };
		92C9E22B23D99E91007EB7EB /* LaunchScreen.storyboard in Resources */ = {isa = PBXBuildFile; fileRef = 92C9E22923D99E91007EB7EB /* LaunchScreen.storyboard */; };
		92C9E22E23D99E91007EB7EB /* main.m in Sources */ = {isa = PBXBuildFile; fileRef = 92C9E22D23D99E91007EB7EB /* main.m */; };
/* End PBXBuildFile section */

/* Begin PBXFileReference section */
		92C9E21823D99E87007EB7EB /* timerAnimation.app */ = {isa = PBXFileReference; explicitFileType = wrapper.application; includeInIndex = 0; path = timerAnimation.app; sourceTree = BUILT_PRODUCTS_DIR; };
		92C9E21B23D99E87007EB7EB /* AppDelegate.h */ = {isa = PBXFileReference; lastKnownFileType = sourcecode.c.h; path = AppDelegate.h; sourceTree = "<group>"; };
		92C9E21C23D99E87007EB7EB /* AppDelegate.m */ = {isa = PBXFileReference; lastKnownFileType = sourcecode.c.objc; path = AppDelegate.m; sourceTree = "<group>"; };
		92C9E21E23D99E87007EB7EB /* SceneDelegate.h */ = {isa = PBXFileReference; lastKnownFileType = sourcecode.c.h; path = SceneDelegate.h; sourceTree = "<group>"; };
		92C9E21F23D99E87007EB7EB /* SceneDelegate.m */ = {isa = PBXFileReference; lastKnownFileType = sourcecode.c.objc; path = SceneDelegate.m; sourceTree = "<group>"; };
		92C9E22123D99E87007EB7EB /* ViewController.h */ = {isa = PBXFileReference; lastKnownFileType = sourcecode.c.h; path = ViewController.h; sourceTree = "<group>"; };
		92C9E22223D99E87007EB7EB /* ViewController.m */ = {isa = PBXFileReference; lastKnownFileType = sourcecode.c.objc; path = ViewController.m; sourceTree = "<group>"; };
		92C9E22523D99E87007EB7EB /* Base */ = {isa = PBXFileReference; lastKnownFileType = file.storyboard; name = Base; path = Base.lproj/Main.storyboard; sourceTree = "<group>"; };
		92C9E22723D99E91007EB7EB /* Assets.xcassets */ = {isa = PBXFileReference; lastKnownFileType = folder.assetcatalog; path = Assets.xcassets; sourceTree = "<group>"; };
		92C9E22A23D99E91007EB7EB /* Base */ = {isa = PBXFileReference; lastKnownFileType = file.storyboard; name = Base; path = Base.lproj/LaunchScreen.storyboard; sourceTree = "<group>"; };
		92C9E22C23D99E91007EB7EB /* Info.plist */ = {isa = PBXFileReference; lastKnownFileType = text.plist.xml; path = Info.plist; sourceTree = "<group>"; };
		92C9E22D23D99E91007EB7EB /* main.m */ = {isa = PBXFileReference; lastKnownFileType = sourcecode.c.objc; path = main.m; sourceTree = "<group>"; };
/* End PBXFileReference section */

/* Begin PBXFrameworksBuildPhase section */
		92C9E21523D99E87007EB7EB /* Frameworks */ = {
			isa = PBXFrameworksBuildPhase;
			buildActionMask = 2147483647;
			files = (
			);
			runOnlyForDeploymentPostprocessing = 0;
		};
/* End PBXFrameworksBuildPhase section */

/* Begin PBXGroup section */
		92C9E20F23D99E87007EB7EB = {
			isa = PBXGroup;
			children = (
				92C9E21A23D99E87007EB7EB /* timerAnimation */,
				92C9E21923D99E87007EB7EB /* Products */,
			);
			sourceTree = "<group>";
		};
		92C9E21923D99E87007EB7EB /* Products */ = {
			isa = PBXGroup;
			children = (
				92C9E21823D99E87007EB7EB /* timerAnimation.app */,
			);
			name = Products;
			sourceTree = "<group>";
		};
		92C9E21A23D99E87007EB7EB /* timerAnimation */ = {
			isa = PBXGroup;
			children = (
				92C9E21B23D99E87007EB7EB /* AppDelegate.h */,
				92C9E21C23D99E87007EB7EB /* AppDelegate.m */,
				92C9E21E23D99E87007EB7EB /* SceneDelegate.h */,
				92C9E21F23D99E87007EB7EB /* SceneDelegate.m */,
				92C9E22123D99E87007EB7EB /* ViewController.h */,
				92C9E22223D99E87007EB7EB /* ViewController.m */,
				92C9E22423D99E87007EB7EB /* Main.storyboard */,
				92C9E22723D99E91007EB7EB /* Assets.xcassets */,
				92C9E22923D99E91007EB7EB /* LaunchScreen.storyboard */,
				92C9E22C23D99E91007EB7EB /* Info.plist */,
				92C9E22D23D99E91007EB7EB /* main.m */,
			);
			path = timerAnimation;
			sourceTree = "<group>";
		};
/* End PBXGroup section */

/* Begin PBXNativeTarget section */
		92C9E21723D99E87007EB7EB /* timerAnimation */ = {
			isa = PBXNativeTarget;
			buildConfigurationList = 92C9E23123D99E91007EB7EB /* Build configuration list for PBXNativeTarget "timerAnimation" */;
			buildPhases = (
				92C9E21423D99E87007EB7EB /* Sources */,
				92C9E21523D99E87007EB7EB /* Frameworks */,
				92C9E21623D99E87007EB7EB /* Resources */,
			);
			buildRules = (
			);
			dependencies = (
			);
			name = timerAnimation;
			productName = timerAnimation;
			productReference = 92C9E21823D99E87007EB7EB /* timerAnimation.app */;
			productType = "com.apple.product-type.application";
		};
/* End PBXNativeTarget section */

/* Begin PBXProject section */
		92C9E21023D99E87007EB7EB /* Project object */ = {
			isa = PBXProject;
			attributes = {
				LastUpgradeCheck = 1130;
				ORGANIZATIONNAME = Gmingyue;
				TargetAttributes = {
					92C9E21723D99E87007EB7EB = {
						CreatedOnToolsVersion = 11.3;
					};
				};
			};
			buildConfigurationList = 92C9E21323D99E87007EB7EB /* Build configuration list for PBXProject "timerAnimation" */;
			compatibilityVersion = "Xcode 9.3";
			developmentRegion = en;
			hasScannedForEncodings = 0;
			knownRegions = (
				en,
				Base,
			);
			mainGroup = 92C9E20F23D99E87007EB7EB;
			productRefGroup = 92C9E21923D99E87007EB7EB /* Products */;
			projectDirPath = "";
			projectRoot = "";
			targets = (
				92C9E21723D99E87007EB7EB /* timerAnimation */,
			);
		};
/* End PBXProject section */

/* Begin PBXResourcesBuildPhase section */
		92C9E21623D99E87007EB7EB /* Resources */ = {
			isa = PBXResourcesBuildPhase;
			buildActionMask = 2147483647;
			files = (
				92C9E22B23D99E91007EB7EB /* LaunchScreen.storyboard in Resources */,
				92C9E22823D99E91007EB7EB /* Assets.xcassets in Resources */,
				92C9E22623D99E87007EB7EB /* Main.storyboard in Resources */,
			);
			runOnlyForDeploymentPostprocessing = 0;
		};
/* End PBXResourcesBuildPhase section */

/* Begin PBXSourcesBuildPhase section */
		92C9E21423D99E87007EB7EB /* Sources */ = {
			isa = PBXSourcesBuildPhase;
			buildActionMask = 2147483647;
			files = (
				92C9E22323D99E87007EB7EB /* ViewController.m in Sources */,
				92C9E21D23D99E87007EB7EB /* AppDelegate.m in Sources */,
				92C9E22E23D99E91007EB7EB /* main.m in Sources */,
				92C9E22023D99E87007EB7EB /* SceneDelegate.m in Sources */,
			);
			runOnlyForDeploymentPostprocessing = 0;
		};
/* End PBXSourcesBuildPhase section */

/* Begin PBXVariantGroup section */
		92C9E22423D99E87007EB7EB /* Main.storyboard */ = {
			isa = PBXVariantGroup;
			children = (
				92C9E22523D99E87007EB7EB /* Base */,
			);
			name = Main.storyboard;
			sourceTree = "<group>";
		};
		92C9E22923D99E91007EB7EB /* LaunchScreen.storyboard */ = {
			isa = PBXVariantGroup;
			children = (
				92C9E22A23D99E91007EB7EB /* Base */,
			);
			name = LaunchScreen.storyboard;
			sourceTree = "<group>";
		};
/* End PBXVariantGroup section */

/* Begin XCBuildConfiguration section */
		92C9E22F23D99E91007EB7EB /* Debug */ = {
			isa = XCBuildConfiguration;
			buildSettings = {
				ALWAYS_SEARCH_USER_PATHS = NO;
				CLANG_ANALYZER_NONNULL = YES;
				CLANG_ANALYZER_NUMBER_OBJECT_CONVERSION = YES_AGGRESSIVE;
				CLANG_CXX_LANGUAGE_STANDARD = "gnu++14";
				CLANG_CXX_LIBRARY = "libc++";
				CLANG_ENABLE_MODULES = YES;
				CLANG_ENABLE_OBJC_ARC = YES;
				CLANG_ENABLE_OBJC_WEAK = YES;
				CLANG_WARN_BLOCK_CAPTURE_AUTORELEASING = YES;
				CLANG_WARN_BOOL_CONVERSION = YES;
				CLANG_WARN_COMMA = YES;
				CLANG_WARN_CONSTANT_CONVERSION = YES;
				CLANG_WARN_DEPRECATED_OBJC_IMPLEMENTATIONS = YES;
				CLANG_WARN_DIRECT_OBJC_ISA_USAGE = YES_ERROR;
				CLANG_WARN_DOCUMENTATION_COMMENTS = YES;
				CLANG_WARN_EMPTY_BODY = YES;
				CLANG_WARN_ENUM_CONVERSION = YES;
				CLANG_WARN_INFINITE_RECURSION = YES;
				CLANG_WARN_INT_CONVERSION = YES;
				CLANG_WARN_NON_LITERAL_NULL_CONVERSION = YES;
				CLANG_WARN_OBJC_IMPLICIT_RETAIN_SELF = YES;
				CLANG_WARN_OBJC_LITERAL_CONVERSION = YES;
				CLANG_WARN_OBJC_ROOT_CLASS = YES_ERROR;
				CLANG_WARN_RANGE_LOOP_ANALYSIS = YES;
				CLANG_WARN_STRICT_PROTOTYPES = YES;
				CLANG_WARN_SUSPICIOUS_MOVE = YES;
				CLANG_WARN_UNGUARDED_AVAILABILITY = YES_AGGRESSIVE;
				CLANG_WARN_UNREACHABLE_CODE = YES;
				CLANG_WARN__DUPLICATE_METHOD_MATCH = YES;
				COPY_PHASE_STRIP = NO;
				DEBUG_INFORMATION_FORMAT = dwarf;
				ENABLE_STRICT_OBJC_MSGSEND = YES;
				ENABLE_TESTABILITY = YES;
				GCC_C_LANGUAGE_STANDARD = gnu11;
				GCC_DYNAMIC_NO_PIC = NO;
				GCC_NO_COMMON_BLOCKS = YES;
				GCC_OPTIMIZATION_LEVEL = 0;
				GCC_PREPROCESSOR_DEFINITIONS = (
					"DEBUG=1",
					"$(inherited)",
				);
				GCC_WARN_64_TO_32_BIT_CONVERSION = YES;
				GCC_WARN_ABOUT_RETURN_TYPE = YES_ERROR;
				GCC_WARN_UNDECLARED_SELECTOR = YES;
				GCC_WARN_UNINITIALIZED_AUTOS = YES_AGGRESSIVE;
				GCC_WARN_UNUSED_FUNCTION = YES;
				GCC_WARN_UNUSED_VARIABLE = YES;
				IPHONEOS_DEPLOYMENT_TARGET = 13.2;
				MTL_ENABLE_DEBUG_INFO = INCLUDE_SOURCE;
				MTL_FAST_MATH = YES;
				ONLY_ACTIVE_ARCH = YES;
				SDKROOT = iphoneos;
			};
			name = Debug;
		};
		92C9E23023D99E91007EB7EB /* Release */ = {
			isa = XCBuildConfiguration;
			buildSettings = {
				ALWAYS_SEARCH_USER_PATHS = NO;
				CLANG_ANALYZER_NONNULL = YES;
				CLANG_ANALYZER_NUMBER_OBJECT_CONVERSION = YES_AGGRESSIVE;
				CLANG_CXX_LANGUAGE_STANDARD = "gnu++14";
				CLANG_CXX_LIBRARY = "libc++";
				CLANG_ENABLE_MODULES = YES;
				CLANG_ENABLE_OBJC_ARC = YES;
				CLANG_ENABLE_OBJC_WEAK = YES;
				CLANG_WARN_BLOCK_CAPTURE_AUTORELEASING = YES;
				CLANG_WARN_BOOL_CONVERSION = YES;
				CLANG_WARN_COMMA = YES;
				CLANG_WARN_CONSTANT_CONVERSION = YES;
				CLANG_WARN_DEPRECATED_OBJC_IMPLEMENTATIONS = YES;
				CLANG_WARN_DIRECT_OBJC_ISA_USAGE = YES_ERROR;
				CLANG_WARN_DOCUMENTATION_COMMENTS = YES;
				CLANG_WARN_EMPTY_BODY = YES;
				CLANG_WARN_ENUM_CONVERSION = YES;
				CLANG_WARN_INFINITE_RECURSION = YES;
				CLANG_WARN_INT_CONVERSION = YES;
				CLANG_WARN_NON_LITERAL_NULL_CONVERSION = YES;
				CLANG_WARN_OBJC_IMPLICIT_RETAIN_SELF = YES;
				CLANG_WARN_OBJC_LITERAL_CONVERSION = YES;
				CLANG_WARN_OBJC_ROOT_CLASS = YES_ERROR;
				CLANG_WARN_RANGE_LOOP_ANALYSIS = YES;
				CLANG_WARN_STRICT_PROTOTYPES = YES;
				CLANG_WARN_SUSPICIOUS_MOVE = YES;
				CLANG_WARN_UNGUARDED_AVAILABILITY = YES_AGGRESSIVE;
				CLANG_WARN_UNREACHABLE_CODE = YES;
				CLANG_WARN__DUPLICATE_METHOD_MATCH = YES;
				COPY_PHASE_STRIP = NO;
				DEBUG_INFORMATION_FORMAT = "dwarf-with-dsym";
				ENABLE_NS_ASSERTIONS = NO;
				ENABLE_STRICT_OBJC_MSGSEND = YES;
				GCC_C_LANGUAGE_STANDARD = gnu11;
				GCC_NO_COMMON_BLOCKS = YES;
				GCC_WARN_64_TO_32_BIT_CONVERSION = YES;
				GCC_WARN_ABOUT_RETURN_TYPE = YES_ERROR;
				GCC_WARN_UNDECLARED_SELECTOR = YES;
				GCC_WARN_UNINITIALIZED_AUTOS = YES_AGGRESSIVE;
				GCC_WARN_UNUSED_FUNCTION = YES;
				GCC_WARN_UNUSED_VARIABLE = YES;
				IPHONEOS_DEPLOYMENT_TARGET = 13.2;
				MTL_ENABLE_DEBUG_INFO = NO;
				MTL_FAST_MATH = YES;
				SDKROOT = iphoneos;
				VALIDATE_PRODUCT = YES;
			};
			name = Release;
		};
		92C9E23223D99E91007EB7EB /* Debug */ = {
			isa = XCBuildConfiguration;
			buildSettings = {
				ASSETCATALOG_COMPILER_APPICON_NAME = AppIcon;
				CODE_SIGN_STYLE = Automatic;
				INFOPLIST_FILE = timerAnimation/Info.plist;
				LD_RUNPATH_SEARCH_PATHS = (
					"$(inherited)",
					"@executable_path/Frameworks",
				);
				PRODUCT_BUNDLE_IDENTIFIER = "http---www.mingyuefly.com-.timerAnimation";
				PRODUCT_NAME = "$(TARGET_NAME)";
				TARGETED_DEVICE_FAMILY = "1,2";
			};
			name = Debug;
		};
		92C9E23323D99E91007EB7EB /* Release */ = {
			isa = XCBuildConfiguration;
			buildSettings = {
				ASSETCATALOG_COMPILER_APPICON_NAME = AppIcon;
				CODE_SIGN_STYLE = Automatic;
				INFOPLIST_FILE = timerAnimation/Info.plist;
				LD_RUNPATH_SEARCH_PATHS = (
					"$(inherited)",
					"@executable_path/Frameworks",
				);
				PRODUCT_BUNDLE_IDENTIFIER = "http---www.mingyuefly.com-.timerAnimation";
				PRODUCT_NAME = "$(TARGET_NAME)";
				TARGETED_DEVICE_FAMILY = "1,2";
			};
			name = Release;
		};
/* End XCBuildConfiguration section */

/* Begin XCConfigurationList section */
		92C9E21323D99E87007EB7EB /* Build configuration list for PBXProject "timerAnimation" */ = {
			isa = XCConfigurationList;
			buildConfigurations = (
				92C9E22F23D99E91007EB7EB /* Debug */,
				92C9E23023D99E91007EB7EB /* Release */,
			);
			defaultConfigurationIsVisible = 0;
			defaultConfigurationName = Release;
		};
		92C9E23123D99E91007EB7EB /* Build configuration list for PBXNativeTarget "timerAnimation" */ = {
			isa = XCConfigurationList;
			buildConfigurations = (
				92C9E23223D99E91007EB7EB /* Debug */,
				92C9E23323D99E91007EB7EB /* Release */,
			);
			defaultConfigurationIsVisible = 0;
			defaultConfigurationName = Release;
		};
/* End XCConfigurationList section */
	};
	rootObject = 92C9E21023D99E87007EB7EB /* Project object */;
}
