// !$*UTF8*$!
{
	archiveVersion = 1;
	classes = {
	};
	objectVersion = 56;
	objects = {

/* Begin PBXBuildFile section */
		E7E76E082A167C8100B899C5 /* AppDelegate.m in Sources */ = {isa = PBXBuildFile; fileRef = E7E76E072A167C8100B899C5 /* AppDelegate.m */; };
		E7E76E0B2A167C8100B899C5 /* SceneDelegate.m in Sources */ = {isa = PBXBuildFile; fileRef = E7E76E0A2A167C8100B899C5 /* SceneDelegate.m */; };
		E7E76E0E2A167C8100B899C5 /* ViewController.m in Sources */ = {isa = PBXBuildFile; fileRef = E7E76E0D2A167C8100B899C5 /* ViewController.m */; };
		E7E76E112A167C8100B899C5 /* Main.storyboard in Resources */ = {isa = PBXBuildFile; fileRef = E7E76E0F2A167C8100B899C5 /* Main.storyboard */; };
		E7E76E132A167C8300B899C5 /* Assets.xcassets in Resources */ = {isa = PBXBuildFile; fileRef = E7E76E122A167C8300B899C5 /* Assets.xcassets */; };
		E7E76E162A167C8300B899C5 /* LaunchScreen.storyboard in Resources */ = {isa = PBXBuildFile; fileRef = E7E76E142A167C8300B899C5 /* LaunchScreen.storyboard */; };
		E7E76E192A167C8300B899C5 /* main.m in Sources */ = {isa = PBXBuildFile; fileRef = E7E76E182A167C8300B899C5 /* main.m */; };
		E7E76E232A167C8300B899C5 /* ChipmunkDemoTests.m in Sources */ = {isa = PBXBuildFile; fileRef = E7E76E222A167C8300B899C5 /* ChipmunkDemoTests.m */; };
		E7E76E2D2A167C8300B899C5 /* ChipmunkDemoUITests.m in Sources */ = {isa = PBXBuildFile; fileRef = E7E76E2C2A167C8300B899C5 /* ChipmunkDemoUITests.m */; };
		E7E76E2F2A167C8300B899C5 /* ChipmunkDemoUITestsLaunchTests.m in Sources */ = {isa = PBXBuildFile; fileRef = E7E76E2E2A167C8300B899C5 /* ChipmunkDemoUITestsLaunchTests.m */; };
/* End PBXBuildFile section */

/* Begin PBXContainerItemProxy section */
		E7E76E1F2A167C8300B899C5 /* PBXContainerItemProxy */ = {
			isa = PBXContainerItemProxy;
			containerPortal = E7E76DFB2A167C8100B899C5 /* Project object */;
			proxyType = 1;
			remoteGlobalIDString = E7E76E022A167C8100B899C5;
			remoteInfo = ChipmunkDemo;
		};
		E7E76E292A167C8300B899C5 /* PBXContainerItemProxy */ = {
			isa = PBXContainerItemProxy;
			containerPortal = E7E76DFB2A167C8100B899C5 /* Project object */;
			proxyType = 1;
			remoteGlobalIDString = E7E76E022A167C8100B899C5;
			remoteInfo = ChipmunkDemo;
		};
/* End PBXContainerItemProxy section */

/* Begin PBXFileReference section */
		E7E76E032A167C8100B899C5 /* ChipmunkDemo.app */ = {isa = PBXFileReference; explicitFileType = wrapper.application; includeInIndex = 0; path = ChipmunkDemo.app; sourceTree = BUILT_PRODUCTS_DIR; };
		E7E76E062A167C8100B899C5 /* AppDelegate.h */ = {isa = PBXFileReference; lastKnownFileType = sourcecode.c.h; path = AppDelegate.h; sourceTree = "<group>"; };
		E7E76E072A167C8100B899C5 /* AppDelegate.m */ = {isa = PBXFileReference; lastKnownFileType = sourcecode.c.objc; path = AppDelegate.m; sourceTree = "<group>"; };
		E7E76E092A167C8100B899C5 /* SceneDelegate.h */ = {isa = PBXFileReference; lastKnownFileType = sourcecode.c.h; path = SceneDelegate.h; sourceTree = "<group>"; };
		E7E76E0A2A167C8100B899C5 /* SceneDelegate.m */ = {isa = PBXFileReference; lastKnownFileType = sourcecode.c.objc; path = SceneDelegate.m; sourceTree = "<group>"; };
		E7E76E0C2A167C8100B899C5 /* ViewController.h */ = {isa = PBXFileReference; lastKnownFileType = sourcecode.c.h; path = ViewController.h; sourceTree = "<group>"; };
		E7E76E0D2A167C8100B899C5 /* ViewController.m */ = {isa = PBXFileReference; lastKnownFileType = sourcecode.c.objc; path = ViewController.m; sourceTree = "<group>"; };
		E7E76E102A167C8100B899C5 /* Base */ = {isa = PBXFileReference; lastKnownFileType = file.storyboard; name = Base; path = Base.lproj/Main.storyboard; sourceTree = "<group>"; };
		E7E76E122A167C8300B899C5 /* Assets.xcassets */ = {isa = PBXFileReference; lastKnownFileType = folder.assetcatalog; path = Assets.xcassets; sourceTree = "<group>"; };
		E7E76E152A167C8300B899C5 /* Base */ = {isa = PBXFileReference; lastKnownFileType = file.storyboard; name = Base; path = Base.lproj/LaunchScreen.storyboard; sourceTree = "<group>"; };
		E7E76E172A167C8300B899C5 /* Info.plist */ = {isa = PBXFileReference; lastKnownFileType = text.plist.xml; path = Info.plist; sourceTree = "<group>"; };
		E7E76E182A167C8300B899C5 /* main.m */ = {isa = PBXFileReference; lastKnownFileType = sourcecode.c.objc; path = main.m; sourceTree = "<group>"; };
		E7E76E1E2A167C8300B899C5 /* ChipmunkDemoTests.xctest */ = {isa = PBXFileReference; explicitFileType = wrapper.cfbundle; includeInIndex = 0; path = ChipmunkDemoTests.xctest; sourceTree = BUILT_PRODUCTS_DIR; };
		E7E76E222A167C8300B899C5 /* ChipmunkDemoTests.m */ = {isa = PBXFileReference; lastKnownFileType = sourcecode.c.objc; path = ChipmunkDemoTests.m; sourceTree = "<group>"; };
		E7E76E282A167C8300B899C5 /* ChipmunkDemoUITests.xctest */ = {isa = PBXFileReference; explicitFileType = wrapper.cfbundle; includeInIndex = 0; path = ChipmunkDemoUITests.xctest; sourceTree = BUILT_PRODUCTS_DIR; };
		E7E76E2C2A167C8300B899C5 /* ChipmunkDemoUITests.m */ = {isa = PBXFileReference; lastKnownFileType = sourcecode.c.objc; path = ChipmunkDemoUITests.m; sourceTree = "<group>"; };
		E7E76E2E2A167C8300B899C5 /* ChipmunkDemoUITestsLaunchTests.m */ = {isa = PBXFileReference; lastKnownFileType = sourcecode.c.objc; path = ChipmunkDemoUITestsLaunchTests.m; sourceTree = "<group>"; };
/* End PBXFileReference section */

/* Begin PBXFrameworksBuildPhase section */
		E7E76E002A167C8100B899C5 /* Frameworks */ = {
			isa = PBXFrameworksBuildPhase;
			buildActionMask = 2147483647;
			files = (
			);
			runOnlyForDeploymentPostprocessing = 0;
		};
		E7E76E1B2A167C8300B899C5 /* Frameworks */ = {
			isa = PBXFrameworksBuildPhase;
			buildActionMask = 2147483647;
			files = (
			);
			runOnlyForDeploymentPostprocessing = 0;
		};
		E7E76E252A167C8300B899C5 /* Frameworks */ = {
			isa = PBXFrameworksBuildPhase;
			buildActionMask = 2147483647;
			files = (
			);
			runOnlyForDeploymentPostprocessing = 0;
		};
/* End PBXFrameworksBuildPhase section */

/* Begin PBXGroup section */
		E7E76DFA2A167C8100B899C5 = {
			isa = PBXGroup;
			children = (
				E7E76E052A167C8100B899C5 /* ChipmunkDemo */,
				E7E76E212A167C8300B899C5 /* ChipmunkDemoTests */,
				E7E76E2B2A167C8300B899C5 /* ChipmunkDemoUITests */,
				E7E76E042A167C8100B899C5 /* Products */,
			);
			sourceTree = "<group>";
		};
		E7E76E042A167C8100B899C5 /* Products */ = {
			isa = PBXGroup;
			children = (
				E7E76E032A167C8100B899C5 /* ChipmunkDemo.app */,
				E7E76E1E2A167C8300B899C5 /* ChipmunkDemoTests.xctest */,
				E7E76E282A167C8300B899C5 /* ChipmunkDemoUITests.xctest */,
			);
			name = Products;
			sourceTree = "<group>";
		};
		E7E76E052A167C8100B899C5 /* ChipmunkDemo */ = {
			isa = PBXGroup;
			children = (
				E7E76E062A167C8100B899C5 /* AppDelegate.h */,
				E7E76E072A167C8100B899C5 /* AppDelegate.m */,
				E7E76E092A167C8100B899C5 /* SceneDelegate.h */,
				E7E76E0A2A167C8100B899C5 /* SceneDelegate.m */,
				E7E76E0C2A167C8100B899C5 /* ViewController.h */,
				E7E76E0D2A167C8100B899C5 /* ViewController.m */,
				E7E76E0F2A167C8100B899C5 /* Main.storyboard */,
				E7E76E122A167C8300B899C5 /* Assets.xcassets */,
				E7E76E142A167C8300B899C5 /* LaunchScreen.storyboard */,
				E7E76E172A167C8300B899C5 /* Info.plist */,
				E7E76E182A167C8300B899C5 /* main.m */,
			);
			path = ChipmunkDemo;
			sourceTree = "<group>";
		};
		E7E76E212A167C8300B899C5 /* ChipmunkDemoTests */ = {
			isa = PBXGroup;
			children = (
				E7E76E222A167C8300B899C5 /* ChipmunkDemoTests.m */,
			);
			path = ChipmunkDemoTests;
			sourceTree = "<group>";
		};
		E7E76E2B2A167C8300B899C5 /* ChipmunkDemoUITests */ = {
			isa = PBXGroup;
			children = (
				E7E76E2C2A167C8300B899C5 /* ChipmunkDemoUITests.m */,
				E7E76E2E2A167C8300B899C5 /* ChipmunkDemoUITestsLaunchTests.m */,
			);
			path = ChipmunkDemoUITests;
			sourceTree = "<group>";
		};
/* End PBXGroup section */

/* Begin PBXNativeTarget section */
		E7E76E022A167C8100B899C5 /* ChipmunkDemo */ = {
			isa = PBXNativeTarget;
			buildConfigurationList = E7E76E322A167C8300B899C5 /* Build configuration list for PBXNativeTarget "ChipmunkDemo" */;
			buildPhases = (
				E7E76DFF2A167C8100B899C5 /* Sources */,
				E7E76E002A167C8100B899C5 /* Frameworks */,
				E7E76E012A167C8100B899C5 /* Resources */,
			);
			buildRules = (
			);
			dependencies = (
			);
			name = ChipmunkDemo;
			productName = ChipmunkDemo;
			productReference = E7E76E032A167C8100B899C5 /* ChipmunkDemo.app */;
			productType = "com.apple.product-type.application";
		};
		E7E76E1D2A167C8300B899C5 /* ChipmunkDemoTests */ = {
			isa = PBXNativeTarget;
			buildConfigurationList = E7E76E352A167C8300B899C5 /* Build configuration list for PBXNativeTarget "ChipmunkDemoTests" */;
			buildPhases = (
				E7E76E1A2A167C8300B899C5 /* Sources */,
				E7E76E1B2A167C8300B899C5 /* Frameworks */,
				E7E76E1C2A167C8300B899C5 /* Resources */,
			);
			buildRules = (
			);
			dependencies = (
				E7E76E202A167C8300B899C5 /* PBXTargetDependency */,
			);
			name = ChipmunkDemoTests;
			productName = ChipmunkDemoTests;
			productReference = E7E76E1E2A167C8300B899C5 /* ChipmunkDemoTests.xctest */;
			productType = "com.apple.product-type.bundle.unit-test";
		};
		E7E76E272A167C8300B899C5 /* ChipmunkDemoUITests */ = {
			isa = PBXNativeTarget;
			buildConfigurationList = E7E76E382A167C8300B899C5 /* Build configuration list for PBXNativeTarget "ChipmunkDemoUITests" */;
			buildPhases = (
				E7E76E242A167C8300B899C5 /* Sources */,
				E7E76E252A167C8300B899C5 /* Frameworks */,
				E7E76E262A167C8300B899C5 /* Resources */,
			);
			buildRules = (
			);
			dependencies = (
				E7E76E2A2A167C8300B899C5 /* PBXTargetDependency */,
			);
			name = ChipmunkDemoUITests;
			productName = ChipmunkDemoUITests;
			productReference = E7E76E282A167C8300B899C5 /* ChipmunkDemoUITests.xctest */;
			productType = "com.apple.product-type.bundle.ui-testing";
		};
/* End PBXNativeTarget section */

/* Begin PBXProject section */
		E7E76DFB2A167C8100B899C5 /* Project object */ = {
			isa = PBXProject;
			attributes = {
				BuildIndependentTargetsInParallel = 1;
				LastUpgradeCheck = 1430;
				TargetAttributes = {
					E7E76E022A167C8100B899C5 = {
						CreatedOnToolsVersion = 14.3;
					};
					E7E76E1D2A167C8300B899C5 = {
						CreatedOnToolsVersion = 14.3;
						TestTargetID = E7E76E022A167C8100B899C5;
					};
					E7E76E272A167C8300B899C5 = {
						CreatedOnToolsVersion = 14.3;
						TestTargetID = E7E76E022A167C8100B899C5;
					};
				};
			};
			buildConfigurationList = E7E76DFE2A167C8100B899C5 /* Build configuration list for PBXProject "ChipmunkDemo" */;
			compatibilityVersion = "Xcode 14.0";
			developmentRegion = en;
			hasScannedForEncodings = 0;
			knownRegions = (
				en,
				Base,
			);
			mainGroup = E7E76DFA2A167C8100B899C5;
			productRefGroup = E7E76E042A167C8100B899C5 /* Products */;
			projectDirPath = "";
			projectRoot = "";
			targets = (
				E7E76E022A167C8100B899C5 /* ChipmunkDemo */,
				E7E76E1D2A167C8300B899C5 /* ChipmunkDemoTests */,
				E7E76E272A167C8300B899C5 /* ChipmunkDemoUITests */,
			);
		};
/* End PBXProject section */

/* Begin PBXResourcesBuildPhase section */
		E7E76E012A167C8100B899C5 /* Resources */ = {
			isa = PBXResourcesBuildPhase;
			buildActionMask = 2147483647;
			files = (
				E7E76E162A167C8300B899C5 /* LaunchScreen.storyboard in Resources */,
				E7E76E132A167C8300B899C5 /* Assets.xcassets in Resources */,
				E7E76E112A167C8100B899C5 /* Main.storyboard in Resources */,
			);
			runOnlyForDeploymentPostprocessing = 0;
		};
		E7E76E1C2A167C8300B899C5 /* Resources */ = {
			isa = PBXResourcesBuildPhase;
			buildActionMask = 2147483647;
			files = (
			);
			runOnlyForDeploymentPostprocessing = 0;
		};
		E7E76E262A167C8300B899C5 /* Resources */ = {
			isa = PBXResourcesBuildPhase;
			buildActionMask = 2147483647;
			files = (
			);
			runOnlyForDeploymentPostprocessing = 0;
		};
/* End PBXResourcesBuildPhase section */

/* Begin PBXSourcesBuildPhase section */
		E7E76DFF2A167C8100B899C5 /* Sources */ = {
			isa = PBXSourcesBuildPhase;
			buildActionMask = 2147483647;
			files = (
				E7E76E0E2A167C8100B899C5 /* ViewController.m in Sources */,
				E7E76E082A167C8100B899C5 /* AppDelegate.m in Sources */,
				E7E76E192A167C8300B899C5 /* main.m in Sources */,
				E7E76E0B2A167C8100B899C5 /* SceneDelegate.m in Sources */,
			);
			runOnlyForDeploymentPostprocessing = 0;
		};
		E7E76E1A2A167C8300B899C5 /* Sources */ = {
			isa = PBXSourcesBuildPhase;
			buildActionMask = 2147483647;
			files = (
				E7E76E232A167C8300B899C5 /* ChipmunkDemoTests.m in Sources */,
			);
			runOnlyForDeploymentPostprocessing = 0;
		};
		E7E76E242A167C8300B899C5 /* Sources */ = {
			isa = PBXSourcesBuildPhase;
			buildActionMask = 2147483647;
			files = (
				E7E76E2F2A167C8300B899C5 /* ChipmunkDemoUITestsLaunchTests.m in Sources */,
				E7E76E2D2A167C8300B899C5 /* ChipmunkDemoUITests.m in Sources */,
			);
			runOnlyForDeploymentPostprocessing = 0;
		};
/* End PBXSourcesBuildPhase section */

/* Begin PBXTargetDependency section */
		E7E76E202A167C8300B899C5 /* PBXTargetDependency */ = {
			isa = PBXTargetDependency;
			target = E7E76E022A167C8100B899C5 /* ChipmunkDemo */;
			targetProxy = E7E76E1F2A167C8300B899C5 /* PBXContainerItemProxy */;
		};
		E7E76E2A2A167C8300B899C5 /* PBXTargetDependency */ = {
			isa = PBXTargetDependency;
			target = E7E76E022A167C8100B899C5 /* ChipmunkDemo */;
			targetProxy = E7E76E292A167C8300B899C5 /* PBXContainerItemProxy */;
		};
/* End PBXTargetDependency section */

/* Begin PBXVariantGroup section */
		E7E76E0F2A167C8100B899C5 /* Main.storyboard */ = {
			isa = PBXVariantGroup;
			children = (
				E7E76E102A167C8100B899C5 /* Base */,
			);
			name = Main.storyboard;
			sourceTree = "<group>";
		};
		E7E76E142A167C8300B899C5 /* LaunchScreen.storyboard */ = {
			isa = PBXVariantGroup;
			children = (
				E7E76E152A167C8300B899C5 /* Base */,
			);
			name = LaunchScreen.storyboard;
			sourceTree = "<group>";
		};
/* End PBXVariantGroup section */

/* Begin XCBuildConfiguration section */
		E7E76E302A167C8300B899C5 /* Debug */ = {
			isa = XCBuildConfiguration;
			buildSettings = {
				ALWAYS_SEARCH_USER_PATHS = NO;
				CLANG_ANALYZER_NONNULL = YES;
				CLANG_ANALYZER_NUMBER_OBJECT_CONVERSION = YES_AGGRESSIVE;
				CLANG_CXX_LANGUAGE_STANDARD = "gnu++20";
				CLANG_ENABLE_MODULES = YES;
				CLANG_ENABLE_OBJC_ARC = YES;
				CLANG_ENABLE_OBJC_WEAK = YES;
				CLANG_WARN_BLOCK_CAPTURE_AUTORELEASING = YES;
				CLANG_WARN_BOOL_CONVERSION = YES;
				CLANG_WARN_COMMA = YES;
				CLANG_WARN_CONSTANT_CONVERSION = YES;
				CLANG_WARN_DEPRECATED_OBJC_IMPLEMENTATIONS = YES;
				CLANG_WARN_DIRECT_OBJC_ISA_USAGE = YES_ERROR;
				CLANG_WARN_DOCUMENTATION_COMMENTS = YES;
				CLANG_WARN_EMPTY_BODY = YES;
				CLANG_WARN_ENUM_CONVERSION = YES;
				CLANG_WARN_INFINITE_RECURSION = YES;
				CLANG_WARN_INT_CONVERSION = YES;
				CLANG_WARN_NON_LITERAL_NULL_CONVERSION = YES;
				CLANG_WARN_OBJC_IMPLICIT_RETAIN_SELF = YES;
				CLANG_WARN_OBJC_LITERAL_CONVERSION = YES;
				CLANG_WARN_OBJC_ROOT_CLASS = YES_ERROR;
				CLANG_WARN_QUOTED_INCLUDE_IN_FRAMEWORK_HEADER = YES;
				CLANG_WARN_RANGE_LOOP_ANALYSIS = YES;
				CLANG_WARN_STRICT_PROTOTYPES = YES;
				CLANG_WARN_SUSPICIOUS_MOVE = YES;
				CLANG_WARN_UNGUARDED_AVAILABILITY = YES_AGGRESSIVE;
				CLANG_WARN_UNREACHABLE_CODE = YES;
				CLANG_WARN__DUPLICATE_METHOD_MATCH = YES;
				COPY_PHASE_STRIP = NO;
				DEBUG_INFORMATION_FORMAT = dwarf;
				ENABLE_STRICT_OBJC_MSGSEND = YES;
				ENABLE_TESTABILITY = YES;
				GCC_C_LANGUAGE_STANDARD = gnu11;
				GCC_DYNAMIC_NO_PIC = NO;
				GCC_NO_COMMON_BLOCKS = YES;
				GCC_OPTIMIZATION_LEVEL = 0;
				GCC_PREPROCESSOR_DEFINITIONS = (
					"DEBUG=1",
					"$(inherited)",
				);
				GCC_WARN_64_TO_32_BIT_CONVERSION = YES;
				GCC_WARN_ABOUT_RETURN_TYPE = YES_ERROR;
				GCC_WARN_UNDECLARED_SELECTOR = YES;
				GCC_WARN_UNINITIALIZED_AUTOS = YES_AGGRESSIVE;
				GCC_WARN_UNUSED_FUNCTION = YES;
				GCC_WARN_UNUSED_VARIABLE = YES;
				IPHONEOS_DEPLOYMENT_TARGET = 16.4;
				MTL_ENABLE_DEBUG_INFO = INCLUDE_SOURCE;
				MTL_FAST_MATH = YES;
				ONLY_ACTIVE_ARCH = YES;
				SDKROOT = iphoneos;
			};
			name = Debug;
		};
		E7E76E312A167C8300B899C5 /* Release */ = {
			isa = XCBuildConfiguration;
			buildSettings = {
				ALWAYS_SEARCH_USER_PATHS = NO;
				CLANG_ANALYZER_NONNULL = YES;
				CLANG_ANALYZER_NUMBER_OBJECT_CONVERSION = YES_AGGRESSIVE;
				CLANG_CXX_LANGUAGE_STANDARD = "gnu++20";
				CLANG_ENABLE_MODULES = YES;
				CLANG_ENABLE_OBJC_ARC = YES;
				CLANG_ENABLE_OBJC_WEAK = YES;
				CLANG_WARN_BLOCK_CAPTURE_AUTORELEASING = YES;
				CLANG_WARN_BOOL_CONVERSION = YES;
				CLANG_WARN_COMMA = YES;
				CLANG_WARN_CONSTANT_CONVERSION = YES;
				CLANG_WARN_DEPRECATED_OBJC_IMPLEMENTATIONS = YES;
				CLANG_WARN_DIRECT_OBJC_ISA_USAGE = YES_ERROR;
				CLANG_WARN_DOCUMENTATION_COMMENTS = YES;
				CLANG_WARN_EMPTY_BODY = YES;
				CLANG_WARN_ENUM_CONVERSION = YES;
				CLANG_WARN_INFINITE_RECURSION = YES;
				CLANG_WARN_INT_CONVERSION = YES;
				CLANG_WARN_NON_LITERAL_NULL_CONVERSION = YES;
				CLANG_WARN_OBJC_IMPLICIT_RETAIN_SELF = YES;
				CLANG_WARN_OBJC_LITERAL_CONVERSION = YES;
				CLANG_WARN_OBJC_ROOT_CLASS = YES_ERROR;
				CLANG_WARN_QUOTED_INCLUDE_IN_FRAMEWORK_HEADER = YES;
				CLANG_WARN_RANGE_LOOP_ANALYSIS = YES;
				CLANG_WARN_STRICT_PROTOTYPES = YES;
				CLANG_WARN_SUSPICIOUS_MOVE = YES;
				CLANG_WARN_UNGUARDED_AVAILABILITY = YES_AGGRESSIVE;
				CLANG_WARN_UNREACHABLE_CODE = YES;
				CLANG_WARN__DUPLICATE_METHOD_MATCH = YES;
				COPY_PHASE_STRIP = NO;
				DEBUG_INFORMATION_FORMAT = "dwarf-with-dsym";
				ENABLE_NS_ASSERTIONS = NO;
				ENABLE_STRICT_OBJC_MSGSEND = YES;
				GCC_C_LANGUAGE_STANDARD = gnu11;
				GCC_NO_COMMON_BLOCKS = YES;
				GCC_WARN_64_TO_32_BIT_CONVERSION = YES;
				GCC_WARN_ABOUT_RETURN_TYPE = YES_ERROR;
				GCC_WARN_UNDECLARED_SELECTOR = YES;
				GCC_WARN_UNINITIALIZED_AUTOS = YES_AGGRESSIVE;
				GCC_WARN_UNUSED_FUNCTION = YES;
				GCC_WARN_UNUSED_VARIABLE = YES;
				IPHONEOS_DEPLOYMENT_TARGET = 16.4;
				MTL_ENABLE_DEBUG_INFO = NO;
				MTL_FAST_MATH = YES;
				SDKROOT = iphoneos;
				VALIDATE_PRODUCT = YES;
			};
			name = Release;
		};
		E7E76E332A167C8300B899C5 /* Debug */ = {
			isa = XCBuildConfiguration;
			buildSettings = {
				ASSETCATALOG_COMPILER_APPICON_NAME = AppIcon;
				ASSETCATALOG_COMPILER_GLOBAL_ACCENT_COLOR_NAME = AccentColor;
				CODE_SIGN_STYLE = Automatic;
				CURRENT_PROJECT_VERSION = 1;
				GENERATE_INFOPLIST_FILE = YES;
				INFOPLIST_FILE = ChipmunkDemo/Info.plist;
				INFOPLIST_KEY_UIApplicationSupportsIndirectInputEvents = YES;
				INFOPLIST_KEY_UILaunchStoryboardName = LaunchScreen;
				INFOPLIST_KEY_UIMainStoryboardFile = Main;
				INFOPLIST_KEY_UISupportedInterfaceOrientations_iPad = "UIInterfaceOrientationPortrait UIInterfaceOrientationPortraitUpsideDown UIInterfaceOrientationLandscapeLeft UIInterfaceOrientationLandscapeRight";
				INFOPLIST_KEY_UISupportedInterfaceOrientations_iPhone = "UIInterfaceOrientationPortrait UIInterfaceOrientationLandscapeLeft UIInterfaceOrientationLandscapeRight";
				LD_RUNPATH_SEARCH_PATHS = (
					"$(inherited)",
					"@executable_path/Frameworks",
				);
				MARKETING_VERSION = 1.0;
				PRODUCT_BUNDLE_IDENTIFIER = cn.com.mingyuefly.ChipmunkDemo;
				PRODUCT_NAME = "$(TARGET_NAME)";
				SWIFT_EMIT_LOC_STRINGS = YES;
				TARGETED_DEVICE_FAMILY = "1,2";
			};
			name = Debug;
		};
		E7E76E342A167C8300B899C5 /* Release */ = {
			isa = XCBuildConfiguration;
			buildSettings = {
				ASSETCATALOG_COMPILER_APPICON_NAME = AppIcon;
				ASSETCATALOG_COMPILER_GLOBAL_ACCENT_COLOR_NAME = AccentColor;
				CODE_SIGN_STYLE = Automatic;
				CURRENT_PROJECT_VERSION = 1;
				GENERATE_INFOPLIST_FILE = YES;
				INFOPLIST_FILE = ChipmunkDemo/Info.plist;
				INFOPLIST_KEY_UIApplicationSupportsIndirectInputEvents = YES;
				INFOPLIST_KEY_UILaunchStoryboardName = LaunchScreen;
				INFOPLIST_KEY_UIMainStoryboardFile = Main;
				INFOPLIST_KEY_UISupportedInterfaceOrientations_iPad = "UIInterfaceOrientationPortrait UIInterfaceOrientationPortraitUpsideDown UIInterfaceOrientationLandscapeLeft UIInterfaceOrientationLandscapeRight";
				INFOPLIST_KEY_UISupportedInterfaceOrientations_iPhone = "UIInterfaceOrientationPortrait UIInterfaceOrientationLandscapeLeft UIInterfaceOrientationLandscapeRight";
				LD_RUNPATH_SEARCH_PATHS = (
					"$(inherited)",
					"@executable_path/Frameworks",
				);
				MARKETING_VERSION = 1.0;
				PRODUCT_BUNDLE_IDENTIFIER = cn.com.mingyuefly.ChipmunkDemo;
				PRODUCT_NAME = "$(TARGET_NAME)";
				SWIFT_EMIT_LOC_STRINGS = YES;
				TARGETED_DEVICE_FAMILY = "1,2";
			};
			name = Release;
		};
		E7E76E362A167C8300B899C5 /* Debug */ = {
			isa = XCBuildConfiguration;
			buildSettings = {
				BUNDLE_LOADER = "$(TEST_HOST)";
				CODE_SIGN_STYLE = Automatic;
				CURRENT_PROJECT_VERSION = 1;
				GENERATE_INFOPLIST_FILE = YES;
				IPHONEOS_DEPLOYMENT_TARGET = 16.4;
				MARKETING_VERSION = 1.0;
				PRODUCT_BUNDLE_IDENTIFIER = cn.com.mingyuefly.ChipmunkDemoTests;
				PRODUCT_NAME = "$(TARGET_NAME)";
				SWIFT_EMIT_LOC_STRINGS = NO;
				TARGETED_DEVICE_FAMILY = "1,2";
				TEST_HOST = "$(BUILT_PRODUCTS_DIR)/ChipmunkDemo.app/$(BUNDLE_EXECUTABLE_FOLDER_PATH)/ChipmunkDemo";
			};
			name = Debug;
		};
		E7E76E372A167C8300B899C5 /* Release */ = {
			isa = XCBuildConfiguration;
			buildSettings = {
				BUNDLE_LOADER = "$(TEST_HOST)";
				CODE_SIGN_STYLE = Automatic;
				CURRENT_PROJECT_VERSION = 1;
				GENERATE_INFOPLIST_FILE = YES;
				IPHONEOS_DEPLOYMENT_TARGET = 16.4;
				MARKETING_VERSION = 1.0;
				PRODUCT_BUNDLE_IDENTIFIER = cn.com.mingyuefly.ChipmunkDemoTests;
				PRODUCT_NAME = "$(TARGET_NAME)";
				SWIFT_EMIT_LOC_STRINGS = NO;
				TARGETED_DEVICE_FAMILY = "1,2";
				TEST_HOST = "$(BUILT_PRODUCTS_DIR)/ChipmunkDemo.app/$(BUNDLE_EXECUTABLE_FOLDER_PATH)/ChipmunkDemo";
			};
			name = Release;
		};
		E7E76E392A167C8300B899C5 /* Debug */ = {
			isa = XCBuildConfiguration;
			buildSettings = {
				CODE_SIGN_STYLE = Automatic;
				CURRENT_PROJECT_VERSION = 1;
				GENERATE_INFOPLIST_FILE = YES;
				MARKETING_VERSION = 1.0;
				PRODUCT_BUNDLE_IDENTIFIER = cn.com.mingyuefly.ChipmunkDemoUITests;
				PRODUCT_NAME = "$(TARGET_NAME)";
				SWIFT_EMIT_LOC_STRINGS = NO;
				TARGETED_DEVICE_FAMILY = "1,2";
				TEST_TARGET_NAME = ChipmunkDemo;
			};
			name = Debug;
		};
		E7E76E3A2A167C8300B899C5 /* Release */ = {
			isa = XCBuildConfiguration;
			buildSettings = {
				CODE_SIGN_STYLE = Automatic;
				CURRENT_PROJECT_VERSION = 1;
				GENERATE_INFOPLIST_FILE = YES;
				MARKETING_VERSION = 1.0;
				PRODUCT_BUNDLE_IDENTIFIER = cn.com.mingyuefly.ChipmunkDemoUITests;
				PRODUCT_NAME = "$(TARGET_NAME)";
				SWIFT_EMIT_LOC_STRINGS = NO;
				TARGETED_DEVICE_FAMILY = "1,2";
				TEST_TARGET_NAME = ChipmunkDemo;
			};
			name = Release;
		};
/* End XCBuildConfiguration section */

/* Begin XCConfigurationList section */
		E7E76DFE2A167C8100B899C5 /* Build configuration list for PBXProject "ChipmunkDemo" */ = {
			isa = XCConfigurationList;
			buildConfigurations = (
				E7E76E302A167C8300B899C5 /* Debug */,
				E7E76E312A167C8300B899C5 /* Release */,
			);
			defaultConfigurationIsVisible = 0;
			defaultConfigurationName = Release;
		};
		E7E76E322A167C8300B899C5 /* Build configuration list for PBXNativeTarget "ChipmunkDemo" */ = {
			isa = XCConfigurationList;
			buildConfigurations = (
				E7E76E332A167C8300B899C5 /* Debug */,
				E7E76E342A167C8300B899C5 /* Release */,
			);
			defaultConfigurationIsVisible = 0;
			defaultConfigurationName = Release;
		};
		E7E76E352A167C8300B899C5 /* Build configuration list for PBXNativeTarget "ChipmunkDemoTests" */ = {
			isa = XCConfigurationList;
			buildConfigurations = (
				E7E76E362A167C8300B899C5 /* Debug */,
				E7E76E372A167C8300B899C5 /* Release */,
			);
			defaultConfigurationIsVisible = 0;
			defaultConfigurationName = Release;
		};
		E7E76E382A167C8300B899C5 /* Build configuration list for PBXNativeTarget "ChipmunkDemoUITests" */ = {
			isa = XCConfigurationList;
			buildConfigurations = (
				E7E76E392A167C8300B899C5 /* Debug */,
				E7E76E3A2A167C8300B899C5 /* Release */,
			);
			defaultConfigurationIsVisible = 0;
			defaultConfigurationName = Release;
		};
/* End XCConfigurationList section */
	};
	rootObject = E7E76DFB2A167C8100B899C5 /* Project object */;
}
